// !$*UTF8*$!
{
	archiveVersion = 1;
	classes = {
	};
	objectVersion = 46;
	objects = {

/* Begin PBXBuildFile section */
		0091622962ACA1D0D5584BDA /* AttendanceConfirmationPrompt.swift in Sources */ = {isa = PBXBuildFile; fileRef = 1CBCBC9240721B778B95EE5A /* AttendanceConfirmationPrompt.swift */; };
		0310A19B16C6A754718CBC62 /* SignUpStepView.swift in Sources */ = {isa = PBXBuildFile; fileRef = F8AA5213BBFF83F37B6FE34C /* SignUpStepView.swift */; };
		03443FD6F69BE43319F6DE20 /* EventCalendarView.swift in Sources */ = {isa = PBXBuildFile; fileRef = 1DD9078356BE1DE6EBB55FE5 /* EventCalendarView.swift */; };
		04855143319B585895F70DE4 /* KlangradarNativeApp.swift in Sources */ = {isa = PBXBuildFile; fileRef = 588BCAD0C6C303CC007374A1 /* KlangradarNativeApp.swift */; };
		0A5CD1F5908FE5F3AA1794FC /* ContentModels.swift in Sources */ = {isa = PBXBuildFile; fileRef = A44F279B8E4B87017D77255C /* ContentModels.swift */; };
		0C104703976EF1219061AFA4 /* CollectionDetailView.swift in Sources */ = {isa = PBXBuildFile; fileRef = FB8ED8D832FD0D27514A4091 /* CollectionDetailView.swift */; };
		0CA8B6A46EB4135137FDCDB4 /* Haptics.swift in Sources */ = {isa = PBXBuildFile; fileRef = E15FBA70434E0D67076BA00B /* Haptics.swift */; };
		171348AA2970D5C5D2A8E5BB /* EditorialGlobalToolbar.swift in Sources */ = {isa = PBXBuildFile; fileRef = 334E7AE2E7EDEE55A55AAB8A /* EditorialGlobalToolbar.swift */; };
		2345E074C3C9B64A9F59EDDD /* ContentRepository.swift in Sources */ = {isa = PBXBuildFile; fileRef = BD4623666B8036D87605E508 /* ContentRepository.swift */; };
		267A8A03EA0F4C0CB8A8268E /* WelcomeStepView.swift in Sources */ = {isa = PBXBuildFile; fileRef = 1BFEDC904B41882F2F2FCB47 /* WelcomeStepView.swift */; };
		2D353DB9CD76A487A230BDB2 /* IcsExport.swift in Sources */ = {isa = PBXBuildFile; fileRef = 67329E895F3780EEB775ED9D /* IcsExport.swift */; };
		30B57025FDCCD0DD1A54A0D8 /* HiddenScrollEdgeNavigationBar.swift in Sources */ = {isa = PBXBuildFile; fileRef = 476D7A87DF4012218025648B /* HiddenScrollEdgeNavigationBar.swift */; };
		30FBC524498583E898D6BD49 /* AuthStore.swift in Sources */ = {isa = PBXBuildFile; fileRef = 2718F9393FDB3DB6DC880A30 /* AuthStore.swift */; };
		312EB2A0385E9AD9303E48D2 /* ReportContentSheet.swift in Sources */ = {isa = PBXBuildFile; fileRef = 3F6E579575F17FA74C79295B /* ReportContentSheet.swift */; };
		3255264DD1EE79D8855781D0 /* EditorialProgramOCRTests.swift in Sources */ = {isa = PBXBuildFile; fileRef = FA4F0DC9DB97E45E99DFF805 /* EditorialProgramOCRTests.swift */; };
		32DD0CE7970B69B0968CAA67 /* KeychainStore.swift in Sources */ = {isa = PBXBuildFile; fileRef = 8F4A46147E42B9F93EF6BAAD /* KeychainStore.swift */; };
		3E1F2EAAA35F38B8F3335940 /* EventArtwork.swift in Sources */ = {isa = PBXBuildFile; fileRef = CC86997EC4A5165668B7B697 /* EventArtwork.swift */; };
		3E5203A758625F09540C8137 /* EditorialProgramScanView.swift in Sources */ = {isa = PBXBuildFile; fileRef = E44D3F639F52D54A14E4C76A /* EditorialProgramScanView.swift */; };
		3F942CC720C921D92DB5DEA2 /* EntityDetailView.swift in Sources */ = {isa = PBXBuildFile; fileRef = 825BD8724370AC8FDB3F2BEE /* EntityDetailView.swift */; };
		4038C1C1B6838DAF526FCA8E /* Foundation.framework in Frameworks */ = {isa = PBXBuildFile; fileRef = B60B6053225DC8E045EBE42D /* Foundation.framework */; };
		4183D0B9FE7B680EA318FB44 /* Assets.xcassets in Resources */ = {isa = PBXBuildFile; fileRef = 3A22C734DC9CBF150681C700 /* Assets.xcassets */; };
		43341DAD141857ACAD38A46D /* VenueMapView.swift in Sources */ = {isa = PBXBuildFile; fileRef = 2FEBC5F0764AC68C81769AAF /* VenueMapView.swift */; };
		433D73A4261546E4DDD11C06 /* EditorialEventEditorView.swift in Sources */ = {isa = PBXBuildFile; fileRef = 03B539B407134632F4DF43C0 /* EditorialEventEditorView.swift */; };
		43438797831E33894EAEBEDA /* EditorialTodayView.swift in Sources */ = {isa = PBXBuildFile; fileRef = D33E8D989652D3D9BE41B5E5 /* EditorialTodayView.swift */; };
		470522207C7B5A406775F971 /* EditorialMediaTabView.swift in Sources */ = {isa = PBXBuildFile; fileRef = 6F081E0BAD41751D6E5C7A52 /* EditorialMediaTabView.swift */; };
		473D76E500F928F2319A6540 /* EditorialEntityEditorView.swift in Sources */ = {isa = PBXBuildFile; fileRef = 7CC40BBC7992AF097E0F2F93 /* EditorialEntityEditorView.swift */; };
		482D637B31099D31F6133BEA /* Foundation.framework in Frameworks */ = {isa = PBXBuildFile; fileRef = B60B6053225DC8E045EBE42D /* Foundation.framework */; };
		484863DC99776312B5E67C98 /* LiquidGlassSurface.swift in Sources */ = {isa = PBXBuildFile; fileRef = E2FE0DD41137CE1A144F65AA /* LiquidGlassSurface.swift */; };
		48DFD4FD3CC2C22758A31708 /* EventDetailView.swift in Sources */ = {isa = PBXBuildFile; fileRef = 78B55DCD3BD82DF057211248 /* EventDetailView.swift */; };
		4B24DA11C471D55D45CFEB2F /* ImageCache.swift in Sources */ = {isa = PBXBuildFile; fileRef = 168FEE83D0D65761973AE5DC /* ImageCache.swift */; };
		4BA3C40CA42E397FAAA53D7A /* EditorialAIAssistantView.swift in Sources */ = {isa = PBXBuildFile; fileRef = F5CD8132E84371350EDD4FE7 /* EditorialAIAssistantView.swift */; };
		4EF8CED138D9DFC2EE538185 /* InterestsView.swift in Sources */ = {isa = PBXBuildFile; fileRef = FA8F144D40C15391C4989954 /* InterestsView.swift */; };
		5154ACF409BBB3EFE5BF0327 /* EditorialEventsListView.swift in Sources */ = {isa = PBXBuildFile; fileRef = 3271F83560B4A71645600CEA /* EditorialEventsListView.swift */; };
		525452D5F52C65ACB1A65EE2 /* ProfileView.swift in Sources */ = {isa = PBXBuildFile; fileRef = 34E76F8820832D7FAC64E987 /* ProfileView.swift */; };
		539308D72AD4EF7C5FB8CEE7 /* EditorialReportsTabView.swift in Sources */ = {isa = PBXBuildFile; fileRef = 4500E6BCC479279D0BC946AC /* EditorialReportsTabView.swift */; };
		53B6471C2D1A7DA847AC76D7 /* MarketingHomeScreenView.swift in Sources */ = {isa = PBXBuildFile; fileRef = 2FC5EE5967820E7B639B4D87 /* MarketingHomeScreenView.swift */; };
		576C9DC636823EEF870E449E /* ConcertEvent.swift in Sources */ = {isa = PBXBuildFile; fileRef = 284266A3CF205CB683D0AC85 /* ConcertEvent.swift */; };
		58F017BD3FD8E987D5CE2F94 /* SpeechSearchController.swift in Sources */ = {isa = PBXBuildFile; fileRef = 495D136179F05FC8F6DF188A /* SpeechSearchController.swift */; };
		5AA3238817BEBF0C800352F1 /* AuthService.swift in Sources */ = {isa = PBXBuildFile; fileRef = 44A2C0F280874A90F895BB6F /* AuthService.swift */; };
		5C9757E7493D2827403ED7B0 /* ProfileSocialHub.swift in Sources */ = {isa = PBXBuildFile; fileRef = 1115305A5F3EEC6C2B163154 /* ProfileSocialHub.swift */; };
		5EBB2A3A75E6B2003EE9D1CB /* HTTPClient.swift in Sources */ = {isa = PBXBuildFile; fileRef = 69ED109801134EC8F4E3C6B3 /* HTTPClient.swift */; };
		657B87D7324397FAED00EEB2 /* HomeView.swift in Sources */ = {isa = PBXBuildFile; fileRef = AEAE800C61FC22C6F93A4639 /* HomeView.swift */; };
		65C0ECEB9352B6BD3EDF1857 /* EditorialImageCropView.swift in Sources */ = {isa = PBXBuildFile; fileRef = 1CDC5BD1C7643C193F9D6F1E /* EditorialImageCropView.swift */; };
		660C82213E4044F67D175D39 /* EditorialCreateEntityView.swift in Sources */ = {isa = PBXBuildFile; fileRef = 3C355E77205B7F1E36109F5C /* EditorialCreateEntityView.swift */; };
		67A37192032C01DCC23B8D15 /* PersonalDataStepView.swift in Sources */ = {isa = PBXBuildFile; fileRef = 9C97F7FA022924710A5796FD /* PersonalDataStepView.swift */; };
		6861DD1A79A87FA19ECD1533 /* EditorialCropMathTests.swift in Sources */ = {isa = PBXBuildFile; fileRef = 85B365C498558659310A25C1 /* EditorialCropMathTests.swift */; };
		6D81B5AA14E704A03FB000FB /* EditorialGalleryEditor.swift in Sources */ = {isa = PBXBuildFile; fileRef = BED13CDEAAF4A05BB4C3D60F /* EditorialGalleryEditor.swift */; };
		6FF3A6622CA2EBA2A3456984 /* MarketingContentStore.swift in Sources */ = {isa = PBXBuildFile; fileRef = 698051849A1D34AC780FD160 /* MarketingContentStore.swift */; };
		70FAEC2BD293F7F746B39AFA /* AuthSession.swift in Sources */ = {isa = PBXBuildFile; fileRef = C6DA01FE0665A7F9DA7CDCB4 /* AuthSession.swift */; };
		757A223BA4C26CB5F8217970 /* EditorialMoreView.swift in Sources */ = {isa = PBXBuildFile; fileRef = E7DCF17C1753411EDB7107D3 /* EditorialMoreView.swift */; };
		76E8D47AECAFB3C0B00D6630 /* VerifyEmailStepView.swift in Sources */ = {isa = PBXBuildFile; fileRef = B9EEDF66B782F41BEE616A4D /* VerifyEmailStepView.swift */; };
		7A0710D9FE76C31545066838 /* UserRepository.swift in Sources */ = {isa = PBXBuildFile; fileRef = CA77211E442E747F744CCDE9 /* UserRepository.swift */; };
		7CF14E23B7137985AD31C35E /* SearchView.swift in Sources */ = {isa = PBXBuildFile; fileRef = 9AB3FFB35D4BAE0D1226FA09 /* SearchView.swift */; };
		7FA4E5670C444FF6BAA79AEC /* CityPickerStepView.swift in Sources */ = {isa = PBXBuildFile; fileRef = 0BF4DBF846174FE61ECBB49E /* CityPickerStepView.swift */; };
		81003A8FFE663BC8F332C685 /* LocationRequester.swift in Sources */ = {isa = PBXBuildFile; fileRef = E3D7F5FFE6AC7C6515911C3B /* LocationRequester.swift */; };
		83CDFE4C469BC573E98DA5E5 /* FavoritesCache.swift in Sources */ = {isa = PBXBuildFile; fileRef = 22A22A89D97F5AEAC57CFBE0 /* FavoritesCache.swift */; };
		853C373DF948A8E99655D127 /* OnboardingStepScaffold.swift in Sources */ = {isa = PBXBuildFile; fileRef = 39ABFEDACB5D11CA53AF52DF /* OnboardingStepScaffold.swift */; };
		863E25605E1A0C3B4B57E1E6 /* ForgotPasswordView.swift in Sources */ = {isa = PBXBuildFile; fileRef = E2306B27D29BEA70BB20C8A1 /* ForgotPasswordView.swift */; };
		86EE449856AD2B50D8FC3E49 /* RecentlyEditedStore.swift in Sources */ = {isa = PBXBuildFile; fileRef = D84115ADD960227B5718C5FC /* RecentlyEditedStore.swift */; };
		8AFC28BEB40183455E769EA4 /* APIConfiguration.swift in Sources */ = {isa = PBXBuildFile; fileRef = 16A490301DA8B38411A2152E /* APIConfiguration.swift */; };
		8B01FF82890DF58D84FB2564 /* GlassIconButton.swift in Sources */ = {isa = PBXBuildFile; fileRef = 2076093E066AD322AAB99691 /* GlassIconButton.swift */; };
		8B0874A5A359DA5226186175 /* EditorialDocumentScanner.swift in Sources */ = {isa = PBXBuildFile; fileRef = 98089858538DF92B24F7A46E /* EditorialDocumentScanner.swift */; };
		8BD9C37EE59530E2723B5871 /* HomeViewModel.swift in Sources */ = {isa = PBXBuildFile; fileRef = 8C299D8465F0E5925F02F4D7 /* HomeViewModel.swift */; };
		8E9839F45A2BB26A5CE77E59 /* SupabaseRESTClient.swift in Sources */ = {isa = PBXBuildFile; fileRef = B6425F93DA598AABEBB507E5 /* SupabaseRESTClient.swift */; };
		90A8A9FEA5AC7A5EB61499D3 /* VenueLocation.swift in Sources */ = {isa = PBXBuildFile; fileRef = 6667FE83A05200CFC5231D42 /* VenueLocation.swift */; };
		90E731DCC95E291DE09B5BC5 /* MarketingContentEditorView.swift in Sources */ = {isa = PBXBuildFile; fileRef = 011FCF90BFE3AB8AFA91567E /* MarketingContentEditorView.swift */; };
		9236A4BB5BF7C3E69DC6A8CE /* GenreFilterRouter.swift in Sources */ = {isa = PBXBuildFile; fileRef = 453C2DF2F97946F9C8F9BD8B /* GenreFilterRouter.swift */; };
		9634277045FBFF21C3969668 /* AppEnvironment.swift in Sources */ = {isa = PBXBuildFile; fileRef = FF3C7B8E109910E6DB7E2E1C /* AppEnvironment.swift */; };
		978BF9E53A45F0CDDB17ED55 /* RootTabView.swift in Sources */ = {isa = PBXBuildFile; fileRef = A04E8EC084410944EE9AAE6B /* RootTabView.swift */; };
		9ABC16FA4E10915A5EAE5A6C /* EditorialCreateVenueView.swift in Sources */ = {isa = PBXBuildFile; fileRef = 8073904A6A166EC933837DC3 /* EditorialCreateVenueView.swift */; };
		9FC99ACCFE10917CFC6462D4 /* NotificationSettingsView.swift in Sources */ = {isa = PBXBuildFile; fileRef = C4B25C634A27FACAFEBD81F2 /* NotificationSettingsView.swift */; };
		A1341167969A67106F1FFF76 /* CroppedAsyncImage.swift in Sources */ = {isa = PBXBuildFile; fileRef = E20C3B64C5E340661575EE9A /* CroppedAsyncImage.swift */; };
		A2FD5429CCCFE20359958709 /* SampleData.swift in Sources */ = {isa = PBXBuildFile; fileRef = 2879CC5CD6BA5172F85EEE8D /* SampleData.swift */; };
		A4BBDFEF91AC74199D05164F /* ImpressumView.swift in Sources */ = {isa = PBXBuildFile; fileRef = 4D1146DBBB24A10F287F87E9 /* ImpressumView.swift */; };
		B2906AE3468271AD8A9496D8 /* FollowProfilesStepView.swift in Sources */ = {isa = PBXBuildFile; fileRef = C7291D88ACD7B35CE290FCC2 /* FollowProfilesStepView.swift */; };
		B36A8F55F96412F42C03FB00 /* EditorialRepository.swift in Sources */ = {isa = PBXBuildFile; fileRef = E42F06D0C7920FE8986E02F9 /* EditorialRepository.swift */; };
		B51E413E53B328E200B4E4E5 /* AGBView.swift in Sources */ = {isa = PBXBuildFile; fileRef = 0610BE67CD50248408093D5E /* AGBView.swift */; };
		B6B6315C1739740C8CB345AD /* EditorialImagePickerButtons.swift in Sources */ = {isa = PBXBuildFile; fileRef = 02109EEEDF63286CF801284A /* EditorialImagePickerButtons.swift */; };
		B6EBD6BFC1E134546921BFB8 /* CityStore.swift in Sources */ = {isa = PBXBuildFile; fileRef = F429384AC105C65BEB0661E6 /* CityStore.swift */; };
		B8014F857EC67B45F1FABB6A /* ProfileAvatarEditor.swift in Sources */ = {isa = PBXBuildFile; fileRef = 0ECEABEC55D99F523E7C0DEB /* ProfileAvatarEditor.swift */; };
		B8B1B614A89713AC2EF1D2E6 /* AddToCalendarView.swift in Sources */ = {isa = PBXBuildFile; fileRef = 13EBA46008242B439485EE39 /* AddToCalendarView.swift */; };
		BA9F762C4CE0B5C578649924 /* OnboardingSummaryView.swift in Sources */ = {isa = PBXBuildFile; fileRef = 79F5C7E0B847FA2617EA66E0 /* OnboardingSummaryView.swift */; };
		C02C7C5D8E7FCC5FDC2796BD /* KlangradarTheme.swift in Sources */ = {isa = PBXBuildFile; fileRef = E6D1EF5CCDCD21904E907DAD /* KlangradarTheme.swift */; };
		C03F1A8DBA0D6B18523DD7A0 /* ConcertEventTests.swift in Sources */ = {isa = PBXBuildFile; fileRef = 2B71F21DFAE9A47EE82CE0BA /* ConcertEventTests.swift */; };
		C2FA6EC4847DDF44A0EA19F0 /* DatenschutzView.swift in Sources */ = {isa = PBXBuildFile; fileRef = 2A6A0E43803CBA03DA1EB925 /* DatenschutzView.swift */; };
		C55216C8D895967686851CD9 /* EventRepository.swift in Sources */ = {isa = PBXBuildFile; fileRef = B8959F6315C7974ACEF1857B /* EventRepository.swift */; };
		C8078D14E6A0A039FDC92FA3 /* CitySwitcherView.swift in Sources */ = {isa = PBXBuildFile; fileRef = 3312DBCA3DE465A9A19FE7A6 /* CitySwitcherView.swift */; };
		CAC638E8DE6B29393FD2AD46 /* HomeCache.swift in Sources */ = {isa = PBXBuildFile; fileRef = D811FF60F1C9C94DCC60B768 /* HomeCache.swift */; };
		CCEBA972B90D644AC72254D4 /* EditorialProgramOCR.swift in Sources */ = {isa = PBXBuildFile; fileRef = 3FD817BCA7A8E9A0C8538639 /* EditorialProgramOCR.swift */; };
		CEBC84C9E1F3A64B57A23177 /* AppDelegate.swift in Sources */ = {isa = PBXBuildFile; fileRef = 400D8A40F15F92F6125C0D67 /* AppDelegate.swift */; };
		D4C742D6B6A8A327EC4D28A6 /* BiometricAuth.swift in Sources */ = {isa = PBXBuildFile; fileRef = 2513DB56A4CE60B1D7BE647E /* BiometricAuth.swift */; };
		D56161006330B60790D7A7E6 /* EditorialRepositoryDeleteTests.swift in Sources */ = {isa = PBXBuildFile; fileRef = 8B223046F25910383BB2F730 /* EditorialRepositoryDeleteTests.swift */; };
		D5E60091AE88583512498CE6 /* EventCard.swift in Sources */ = {isa = PBXBuildFile; fileRef = F454E3F2A0E4E3EDE8348EC5 /* EventCard.swift */; };
		DB044B486AB87FC229A9A865 /* NotificationsStepView.swift in Sources */ = {isa = PBXBuildFile; fileRef = 514C77B3AE769BD586355413 /* NotificationsStepView.swift */; };
		DB8ED0A4226696A2903A4577 /* EditorialSharedViews.swift in Sources */ = {isa = PBXBuildFile; fileRef = 86AFF1D82012C16551A66547 /* EditorialSharedViews.swift */; };
		DBE8751BA43EE00000181922 /* CachedAsyncImage.swift in Sources */ = {isa = PBXBuildFile; fileRef = 9791A11D2D559B5CF281FA3D /* CachedAsyncImage.swift */; };
		E1BD6563A1DBC55DE3D9B5E1 /* VenueLocationTests.swift in Sources */ = {isa = PBXBuildFile; fileRef = BEC4DA6BA0B04AC376A7FC75 /* VenueLocationTests.swift */; };
		E4E3DDC85DA0D1B4455B7D06 /* AttendanceLocationMonitor.swift in Sources */ = {isa = PBXBuildFile; fileRef = C821C0FD125416D597792438 /* AttendanceLocationMonitor.swift */; };
		E6E60D804517B983EF290E9B /* OnboardingView.swift in Sources */ = {isa = PBXBuildFile; fileRef = 840161EEEB6E424A31F40B4B /* OnboardingView.swift */; };
		E7DB1582D39664BC7759B1C7 /* PasswordLoginView.swift in Sources */ = {isa = PBXBuildFile; fileRef = ED5D2FE81680DDE2224BCAE5 /* PasswordLoginView.swift */; };
		EDE3611E4AC559876491F924 /* EditorialLocationSearch.swift in Sources */ = {isa = PBXBuildFile; fileRef = 6889B3D02EE9859AAACE334E /* EditorialLocationSearch.swift */; };
		EF84ABFCEB779BC186B5D4C1 /* MarketingAppShellView.swift in Sources */ = {isa = PBXBuildFile; fileRef = 610AA2274E730024470E8C9B /* MarketingAppShellView.swift */; };
		F46EA96044AEA38ACCE3F38E /* EditorialQuickFixView.swift in Sources */ = {isa = PBXBuildFile; fileRef = F1B596F3F086360E442DFAAC /* EditorialQuickFixView.swift */; };
		F55751B57A6BC95AA7287F0A /* JSONValue.swift in Sources */ = {isa = PBXBuildFile; fileRef = F54764C65C4D181B1B47AD9C /* JSONValue.swift */; };
		F7611C7119EA1BE04EC311D8 /* EditorialSearchView.swift in Sources */ = {isa = PBXBuildFile; fileRef = 7B36EBFC644C3DE4E3AA22D9 /* EditorialSearchView.swift */; };
		F89F04607B9794DFD4E5D259 /* EditorialShellView.swift in Sources */ = {isa = PBXBuildFile; fileRef = E8279BEFAB1D4CE4AA6E5D15 /* EditorialShellView.swift */; };
		FD0A6CC954056970789A47EB /* InterestsStepView.swift in Sources */ = {isa = PBXBuildFile; fileRef = 9B0068FF1DAC1E239A284EAB /* InterestsStepView.swift */; };
		FFB27BAD98A265C35DB5942E /* CityRegionOptionTests.swift in Sources */ = {isa = PBXBuildFile; fileRef = 5A90C7EC37822645602FEA2C /* CityRegionOptionTests.swift */; };
/* End PBXBuildFile section */

/* Begin PBXContainerItemProxy section */
		3CB73C2A131A994A56BA3D62 /* PBXContainerItemProxy */ = {
			isa = PBXContainerItemProxy;
			containerPortal = 5E2271DA4C31809B2B349631 /* Project object */;
			proxyType = 1;
			remoteGlobalIDString = 39CEE6ECBA229E1221296458;
			remoteInfo = KlangradarNative;
		};
/* End PBXContainerItemProxy section */

/* Begin PBXFileReference section */
		011FCF90BFE3AB8AFA91567E /* MarketingContentEditorView.swift */ = {isa = PBXFileReference; includeInIndex = 1; lastKnownFileType = sourcecode.swift; name = MarketingContentEditorView.swift; path = KlangradarNative/Features/Home/MarketingContentEditorView.swift; sourceTree = "<group>"; };
		02109EEEDF63286CF801284A /* EditorialImagePickerButtons.swift */ = {isa = PBXFileReference; includeInIndex = 1; lastKnownFileType = sourcecode.swift; name = EditorialImagePickerButtons.swift; path = KlangradarNative/Features/Editorial/Media/EditorialImagePickerButtons.swift; sourceTree = "<group>"; };
		03B539B407134632F4DF43C0 /* EditorialEventEditorView.swift */ = {isa = PBXFileReference; includeInIndex = 1; lastKnownFileType = sourcecode.swift; name = EditorialEventEditorView.swift; path = KlangradarNative/Features/Editorial/EventEditor/EditorialEventEditorView.swift; sourceTree = "<group>"; };
		0610BE67CD50248408093D5E /* AGBView.swift */ = {isa = PBXFileReference; includeInIndex = 1; lastKnownFileType = sourcecode.swift; name = AGBView.swift; path = KlangradarNative/Features/Profile/AGBView.swift; sourceTree = "<group>"; };
		0BF4DBF846174FE61ECBB49E /* CityPickerStepView.swift */ = {isa = PBXFileReference; includeInIndex = 1; lastKnownFileType = sourcecode.swift; name = CityPickerStepView.swift; path = KlangradarNative/Features/Onboarding/CityPickerStepView.swift; sourceTree = "<group>"; };
		0ECEABEC55D99F523E7C0DEB /* ProfileAvatarEditor.swift */ = {isa = PBXFileReference; includeInIndex = 1; lastKnownFileType = sourcecode.swift; name = ProfileAvatarEditor.swift; path = KlangradarNative/Features/Profile/ProfileAvatarEditor.swift; sourceTree = "<group>"; };
		1115305A5F3EEC6C2B163154 /* ProfileSocialHub.swift */ = {isa = PBXFileReference; includeInIndex = 1; lastKnownFileType = sourcecode.swift; name = ProfileSocialHub.swift; path = KlangradarNative/Features/Profile/ProfileSocialHub.swift; sourceTree = "<group>"; };
		13EBA46008242B439485EE39 /* AddToCalendarView.swift */ = {isa = PBXFileReference; includeInIndex = 1; lastKnownFileType = sourcecode.swift; name = AddToCalendarView.swift; path = KlangradarNative/Core/Utilities/AddToCalendarView.swift; sourceTree = "<group>"; };
		168FEE83D0D65761973AE5DC /* ImageCache.swift */ = {isa = PBXFileReference; includeInIndex = 1; lastKnownFileType = sourcecode.swift; name = ImageCache.swift; path = KlangradarNative/Core/Networking/ImageCache.swift; sourceTree = "<group>"; };
		16A490301DA8B38411A2152E /* APIConfiguration.swift */ = {isa = PBXFileReference; includeInIndex = 1; lastKnownFileType = sourcecode.swift; name = APIConfiguration.swift; path = KlangradarNative/Core/Configuration/APIConfiguration.swift; sourceTree = "<group>"; };
		1BFEDC904B41882F2F2FCB47 /* WelcomeStepView.swift */ = {isa = PBXFileReference; includeInIndex = 1; lastKnownFileType = sourcecode.swift; name = WelcomeStepView.swift; path = KlangradarNative/Features/Onboarding/WelcomeStepView.swift; sourceTree = "<group>"; };
		1CBCBC9240721B778B95EE5A /* AttendanceConfirmationPrompt.swift */ = {isa = PBXFileReference; includeInIndex = 1; lastKnownFileType = sourcecode.swift; name = AttendanceConfirmationPrompt.swift; path = KlangradarNative/Core/Attendance/AttendanceConfirmationPrompt.swift; sourceTree = "<group>"; };
		1CDC5BD1C7643C193F9D6F1E /* EditorialImageCropView.swift */ = {isa = PBXFileReference; includeInIndex = 1; lastKnownFileType = sourcecode.swift; name = EditorialImageCropView.swift; path = KlangradarNative/Features/Editorial/ImageCrop/EditorialImageCropView.swift; sourceTree = "<group>"; };
		1DD9078356BE1DE6EBB55FE5 /* EventCalendarView.swift */ = {isa = PBXFileReference; includeInIndex = 1; lastKnownFileType = sourcecode.swift; name = EventCalendarView.swift; path = KlangradarNative/Features/Calendar/EventCalendarView.swift; sourceTree = "<group>"; };
		2076093E066AD322AAB99691 /* GlassIconButton.swift */ = {isa = PBXFileReference; includeInIndex = 1; lastKnownFileType = sourcecode.swift; name = GlassIconButton.swift; path = KlangradarNative/DesignSystem/Components/GlassIconButton.swift; sourceTree = "<group>"; };
		22A22A89D97F5AEAC57CFBE0 /* FavoritesCache.swift */ = {isa = PBXFileReference; includeInIndex = 1; lastKnownFileType = sourcecode.swift; name = FavoritesCache.swift; path = KlangradarNative/Core/Repositories/FavoritesCache.swift; sourceTree = "<group>"; };
		2513DB56A4CE60B1D7BE647E /* BiometricAuth.swift */ = {isa = PBXFileReference; includeInIndex = 1; lastKnownFileType = sourcecode.swift; name = BiometricAuth.swift; path = KlangradarNative/Core/Authentication/BiometricAuth.swift; sourceTree = "<group>"; };
		2718F9393FDB3DB6DC880A30 /* AuthStore.swift */ = {isa = PBXFileReference; includeInIndex = 1; lastKnownFileType = sourcecode.swift; name = AuthStore.swift; path = KlangradarNative/Core/Authentication/AuthStore.swift; sourceTree = "<group>"; };
		284266A3CF205CB683D0AC85 /* ConcertEvent.swift */ = {isa = PBXFileReference; includeInIndex = 1; lastKnownFileType = sourcecode.swift; name = ConcertEvent.swift; path = KlangradarNative/Domain/Models/ConcertEvent.swift; sourceTree = "<group>"; };
		2879CC5CD6BA5172F85EEE8D /* SampleData.swift */ = {isa = PBXFileReference; includeInIndex = 1; lastKnownFileType = sourcecode.swift; name = SampleData.swift; path = KlangradarNative/Domain/Models/SampleData.swift; sourceTree = "<group>"; };
		2A6A0E43803CBA03DA1EB925 /* DatenschutzView.swift */ = {isa = PBXFileReference; includeInIndex = 1; lastKnownFileType = sourcecode.swift; name = DatenschutzView.swift; path = KlangradarNative/Features/Profile/DatenschutzView.swift; sourceTree = "<group>"; };
		2B71F21DFAE9A47EE82CE0BA /* ConcertEventTests.swift */ = {isa = PBXFileReference; includeInIndex = 1; lastKnownFileType = sourcecode.swift; name = ConcertEventTests.swift; path = KlangradarNativeTests/ConcertEventTests.swift; sourceTree = "<group>"; };
		2FC5EE5967820E7B639B4D87 /* MarketingHomeScreenView.swift */ = {isa = PBXFileReference; includeInIndex = 1; lastKnownFileType = sourcecode.swift; name = MarketingHomeScreenView.swift; path = KlangradarNative/Features/Home/MarketingHomeScreenView.swift; sourceTree = "<group>"; };
		2FEBC5F0764AC68C81769AAF /* VenueMapView.swift */ = {isa = PBXFileReference; includeInIndex = 1; lastKnownFileType = sourcecode.swift; name = VenueMapView.swift; path = KlangradarNative/Features/Map/VenueMapView.swift; sourceTree = "<group>"; };
		3271F83560B4A71645600CEA /* EditorialEventsListView.swift */ = {isa = PBXFileReference; includeInIndex = 1; lastKnownFileType = sourcecode.swift; name = EditorialEventsListView.swift; path = KlangradarNative/Features/Editorial/Events/EditorialEventsListView.swift; sourceTree = "<group>"; };
		3312DBCA3DE465A9A19FE7A6 /* CitySwitcherView.swift */ = {isa = PBXFileReference; includeInIndex = 1; lastKnownFileType = sourcecode.swift; name = CitySwitcherView.swift; path = KlangradarNative/Features/Settings/CitySwitcherView.swift; sourceTree = "<group>"; };
		334E7AE2E7EDEE55A55AAB8A /* EditorialGlobalToolbar.swift */ = {isa = PBXFileReference; includeInIndex = 1; lastKnownFileType = sourcecode.swift; name = EditorialGlobalToolbar.swift; path = KlangradarNative/Features/Editorial/Shell/EditorialGlobalToolbar.swift; sourceTree = "<group>"; };
		34E76F8820832D7FAC64E987 /* ProfileView.swift */ = {isa = PBXFileReference; includeInIndex = 1; lastKnownFileType = sourcecode.swift; name = ProfileView.swift; path = KlangradarNative/Features/Profile/ProfileView.swift; sourceTree = "<group>"; };
		39ABFEDACB5D11CA53AF52DF /* OnboardingStepScaffold.swift */ = {isa = PBXFileReference; includeInIndex = 1; lastKnownFileType = sourcecode.swift; name = OnboardingStepScaffold.swift; path = KlangradarNative/Features/Onboarding/OnboardingStepScaffold.swift; sourceTree = "<group>"; };
		3A22C734DC9CBF150681C700 /* Assets.xcassets */ = {isa = PBXFileReference; includeInIndex = 1; lastKnownFileType = folder.assetcatalog; name = Assets.xcassets; path = KlangradarNative/Resources/Assets.xcassets; sourceTree = "<group>"; };
		3C355E77205B7F1E36109F5C /* EditorialCreateEntityView.swift */ = {isa = PBXFileReference; includeInIndex = 1; lastKnownFileType = sourcecode.swift; name = EditorialCreateEntityView.swift; path = KlangradarNative/Features/Editorial/CreateFlows/EditorialCreateEntityView.swift; sourceTree = "<group>"; };
		3F6E579575F17FA74C79295B /* ReportContentSheet.swift */ = {isa = PBXFileReference; includeInIndex = 1; lastKnownFileType = sourcecode.swift; name = ReportContentSheet.swift; path = KlangradarNative/Features/Shared/ReportContentSheet.swift; sourceTree = "<group>"; };
		3FD817BCA7A8E9A0C8538639 /* EditorialProgramOCR.swift */ = {isa = PBXFileReference; includeInIndex = 1; lastKnownFileType = sourcecode.swift; name = EditorialProgramOCR.swift; path = KlangradarNative/Features/Editorial/ProgramScan/EditorialProgramOCR.swift; sourceTree = "<group>"; };
		400D8A40F15F92F6125C0D67 /* AppDelegate.swift */ = {isa = PBXFileReference; includeInIndex = 1; lastKnownFileType = sourcecode.swift; name = AppDelegate.swift; path = KlangradarNative/App/AppDelegate.swift; sourceTree = "<group>"; };
		44A2C0F280874A90F895BB6F /* AuthService.swift */ = {isa = PBXFileReference; includeInIndex = 1; lastKnownFileType = sourcecode.swift; name = AuthService.swift; path = KlangradarNative/Core/Authentication/AuthService.swift; sourceTree = "<group>"; };
		4500E6BCC479279D0BC946AC /* EditorialReportsTabView.swift */ = {isa = PBXFileReference; includeInIndex = 1; lastKnownFileType = sourcecode.swift; name = EditorialReportsTabView.swift; path = KlangradarNative/Features/Editorial/Reports/EditorialReportsTabView.swift; sourceTree = "<group>"; };
		453C2DF2F97946F9C8F9BD8B /* GenreFilterRouter.swift */ = {isa = PBXFileReference; includeInIndex = 1; lastKnownFileType = sourcecode.swift; name = GenreFilterRouter.swift; path = KlangradarNative/Core/GenreFilterRouter.swift; sourceTree = "<group>"; };
		476D7A87DF4012218025648B /* HiddenScrollEdgeNavigationBar.swift */ = {isa = PBXFileReference; includeInIndex = 1; lastKnownFileType = sourcecode.swift; name = HiddenScrollEdgeNavigationBar.swift; path = KlangradarNative/DesignSystem/Components/HiddenScrollEdgeNavigationBar.swift; sourceTree = "<group>"; };
		495D136179F05FC8F6DF188A /* SpeechSearchController.swift */ = {isa = PBXFileReference; includeInIndex = 1; lastKnownFileType = sourcecode.swift; name = SpeechSearchController.swift; path = KlangradarNative/Features/Search/SpeechSearchController.swift; sourceTree = "<group>"; };
		4D1146DBBB24A10F287F87E9 /* ImpressumView.swift */ = {isa = PBXFileReference; includeInIndex = 1; lastKnownFileType = sourcecode.swift; name = ImpressumView.swift; path = KlangradarNative/Features/Profile/ImpressumView.swift; sourceTree = "<group>"; };
		514C77B3AE769BD586355413 /* NotificationsStepView.swift */ = {isa = PBXFileReference; includeInIndex = 1; lastKnownFileType = sourcecode.swift; name = NotificationsStepView.swift; path = KlangradarNative/Features/Onboarding/NotificationsStepView.swift; sourceTree = "<group>"; };
		588BCAD0C6C303CC007374A1 /* KlangradarNativeApp.swift */ = {isa = PBXFileReference; includeInIndex = 1; lastKnownFileType = sourcecode.swift; name = KlangradarNativeApp.swift; path = KlangradarNative/App/KlangradarNativeApp.swift; sourceTree = "<group>"; };
		5A90C7EC37822645602FEA2C /* CityRegionOptionTests.swift */ = {isa = PBXFileReference; includeInIndex = 1; lastKnownFileType = sourcecode.swift; name = CityRegionOptionTests.swift; path = KlangradarNativeTests/CityRegionOptionTests.swift; sourceTree = "<group>"; };
		610AA2274E730024470E8C9B /* MarketingAppShellView.swift */ = {isa = PBXFileReference; includeInIndex = 1; lastKnownFileType = sourcecode.swift; name = MarketingAppShellView.swift; path = KlangradarNative/Features/Home/MarketingAppShellView.swift; sourceTree = "<group>"; };
		6667FE83A05200CFC5231D42 /* VenueLocation.swift */ = {isa = PBXFileReference; includeInIndex = 1; lastKnownFileType = sourcecode.swift; name = VenueLocation.swift; path = KlangradarNative/Domain/Models/VenueLocation.swift; sourceTree = "<group>"; };
		67329E895F3780EEB775ED9D /* IcsExport.swift */ = {isa = PBXFileReference; includeInIndex = 1; lastKnownFileType = sourcecode.swift; name = IcsExport.swift; path = KlangradarNative/Core/Utilities/IcsExport.swift; sourceTree = "<group>"; };
		6889B3D02EE9859AAACE334E /* EditorialLocationSearch.swift */ = {isa = PBXFileReference; includeInIndex = 1; lastKnownFileType = sourcecode.swift; name = EditorialLocationSearch.swift; path = KlangradarNative/Features/Editorial/VenueCreate/EditorialLocationSearch.swift; sourceTree = "<group>"; };
		698051849A1D34AC780FD160 /* MarketingContentStore.swift */ = {isa = PBXFileReference; includeInIndex = 1; lastKnownFileType = sourcecode.swift; name = MarketingContentStore.swift; path = KlangradarNative/Features/Home/MarketingContentStore.swift; sourceTree = "<group>"; };
		69ED109801134EC8F4E3C6B3 /* HTTPClient.swift */ = {isa = PBXFileReference; includeInIndex = 1; lastKnownFileType = sourcecode.swift; name = HTTPClient.swift; path = KlangradarNative/Core/Networking/HTTPClient.swift; sourceTree = "<group>"; };
		6F081E0BAD41751D6E5C7A52 /* EditorialMediaTabView.swift */ = {isa = PBXFileReference; includeInIndex = 1; lastKnownFileType = sourcecode.swift; name = EditorialMediaTabView.swift; path = KlangradarNative/Features/Editorial/Media/EditorialMediaTabView.swift; sourceTree = "<group>"; };
		78B55DCD3BD82DF057211248 /* EventDetailView.swift */ = {isa = PBXFileReference; includeInIndex = 1; lastKnownFileType = sourcecode.swift; name = EventDetailView.swift; path = KlangradarNative/Features/EventDetail/EventDetailView.swift; sourceTree = "<group>"; };
		79F5C7E0B847FA2617EA66E0 /* OnboardingSummaryView.swift */ = {isa = PBXFileReference; includeInIndex = 1; lastKnownFileType = sourcecode.swift; name = OnboardingSummaryView.swift; path = KlangradarNative/Features/Onboarding/OnboardingSummaryView.swift; sourceTree = "<group>"; };
		7B36EBFC644C3DE4E3AA22D9 /* EditorialSearchView.swift */ = {isa = PBXFileReference; includeInIndex = 1; lastKnownFileType = sourcecode.swift; name = EditorialSearchView.swift; path = KlangradarNative/Features/Editorial/Shell/EditorialSearchView.swift; sourceTree = "<group>"; };
		7CC40BBC7992AF097E0F2F93 /* EditorialEntityEditorView.swift */ = {isa = PBXFileReference; includeInIndex = 1; lastKnownFileType = sourcecode.swift; name = EditorialEntityEditorView.swift; path = KlangradarNative/Features/Editorial/EntityEditor/EditorialEntityEditorView.swift; sourceTree = "<group>"; };
		8073904A6A166EC933837DC3 /* EditorialCreateVenueView.swift */ = {isa = PBXFileReference; includeInIndex = 1; lastKnownFileType = sourcecode.swift; name = EditorialCreateVenueView.swift; path = KlangradarNative/Features/Editorial/VenueCreate/EditorialCreateVenueView.swift; sourceTree = "<group>"; };
		825BD8724370AC8FDB3F2BEE /* EntityDetailView.swift */ = {isa = PBXFileReference; includeInIndex = 1; lastKnownFileType = sourcecode.swift; name = EntityDetailView.swift; path = KlangradarNative/Features/Directory/EntityDetailView.swift; sourceTree = "<group>"; };
		840161EEEB6E424A31F40B4B /* OnboardingView.swift */ = {isa = PBXFileReference; includeInIndex = 1; lastKnownFileType = sourcecode.swift; name = OnboardingView.swift; path = KlangradarNative/Features/Onboarding/OnboardingView.swift; sourceTree = "<group>"; };
		85B365C498558659310A25C1 /* EditorialCropMathTests.swift */ = {isa = PBXFileReference; includeInIndex = 1; lastKnownFileType = sourcecode.swift; name = EditorialCropMathTests.swift; path = KlangradarNativeTests/EditorialCropMathTests.swift; sourceTree = "<group>"; };
		86AFF1D82012C16551A66547 /* EditorialSharedViews.swift */ = {isa = PBXFileReference; includeInIndex = 1; lastKnownFileType = sourcecode.swift; name = EditorialSharedViews.swift; path = KlangradarNative/Features/Editorial/Shared/EditorialSharedViews.swift; sourceTree = "<group>"; };
		8B223046F25910383BB2F730 /* EditorialRepositoryDeleteTests.swift */ = {isa = PBXFileReference; includeInIndex = 1; lastKnownFileType = sourcecode.swift; name = EditorialRepositoryDeleteTests.swift; path = KlangradarNativeTests/EditorialRepositoryDeleteTests.swift; sourceTree = "<group>"; };
		8C299D8465F0E5925F02F4D7 /* HomeViewModel.swift */ = {isa = PBXFileReference; includeInIndex = 1; lastKnownFileType = sourcecode.swift; name = HomeViewModel.swift; path = KlangradarNative/Features/Home/HomeViewModel.swift; sourceTree = "<group>"; };
		8F4A46147E42B9F93EF6BAAD /* KeychainStore.swift */ = {isa = PBXFileReference; includeInIndex = 1; lastKnownFileType = sourcecode.swift; name = KeychainStore.swift; path = KlangradarNative/Core/Authentication/KeychainStore.swift; sourceTree = "<group>"; };
		9248A88CFE77B8421812B44B /* KlangradarNative.app */ = {isa = PBXFileReference; explicitFileType = wrapper.application; includeInIndex = 0; path = KlangradarNative.app; sourceTree = BUILT_PRODUCTS_DIR; };
		9791A11D2D559B5CF281FA3D /* CachedAsyncImage.swift */ = {isa = PBXFileReference; includeInIndex = 1; lastKnownFileType = sourcecode.swift; name = CachedAsyncImage.swift; path = KlangradarNative/DesignSystem/Components/CachedAsyncImage.swift; sourceTree = "<group>"; };
		98089858538DF92B24F7A46E /* EditorialDocumentScanner.swift */ = {isa = PBXFileReference; includeInIndex = 1; lastKnownFileType = sourcecode.swift; name = EditorialDocumentScanner.swift; path = KlangradarNative/Features/Editorial/ProgramScan/EditorialDocumentScanner.swift; sourceTree = "<group>"; };
		9AB3FFB35D4BAE0D1226FA09 /* SearchView.swift */ = {isa = PBXFileReference; includeInIndex = 1; lastKnownFileType = sourcecode.swift; name = SearchView.swift; path = KlangradarNative/Features/Search/SearchView.swift; sourceTree = "<group>"; };
		9B0068FF1DAC1E239A284EAB /* InterestsStepView.swift */ = {isa = PBXFileReference; includeInIndex = 1; lastKnownFileType = sourcecode.swift; name = InterestsStepView.swift; path = KlangradarNative/Features/Onboarding/InterestsStepView.swift; sourceTree = "<group>"; };
		9C97F7FA022924710A5796FD /* PersonalDataStepView.swift */ = {isa = PBXFileReference; includeInIndex = 1; lastKnownFileType = sourcecode.swift; name = PersonalDataStepView.swift; path = KlangradarNative/Features/Onboarding/PersonalDataStepView.swift; sourceTree = "<group>"; };
		A04E8EC084410944EE9AAE6B /* RootTabView.swift */ = {isa = PBXFileReference; includeInIndex = 1; lastKnownFileType = sourcecode.swift; name = RootTabView.swift; path = KlangradarNative/App/RootTabView.swift; sourceTree = "<group>"; };
		A44F279B8E4B87017D77255C /* ContentModels.swift */ = {isa = PBXFileReference; includeInIndex = 1; lastKnownFileType = sourcecode.swift; name = ContentModels.swift; path = KlangradarNative/Domain/Models/ContentModels.swift; sourceTree = "<group>"; };
		AEAE800C61FC22C6F93A4639 /* HomeView.swift */ = {isa = PBXFileReference; includeInIndex = 1; lastKnownFileType = sourcecode.swift; name = HomeView.swift; path = KlangradarNative/Features/Home/HomeView.swift; sourceTree = "<group>"; };
		B5C12CAEBA694A6E81A0022E /* KlangradarNativeTests.xctest */ = {isa = PBXFileReference; explicitFileType = wrapper.cfbundle; includeInIndex = 0; path = KlangradarNativeTests.xctest; sourceTree = BUILT_PRODUCTS_DIR; };
		B60B6053225DC8E045EBE42D /* Foundation.framework */ = {isa = PBXFileReference; lastKnownFileType = wrapper.framework; name = Foundation.framework; path = Platforms/iPhoneOS.platform/Developer/SDKs/iPhoneOS26.0.sdk/System/Library/Frameworks/Foundation.framework; sourceTree = DEVELOPER_DIR; };
		B6425F93DA598AABEBB507E5 /* SupabaseRESTClient.swift */ = {isa = PBXFileReference; includeInIndex = 1; lastKnownFileType = sourcecode.swift; name = SupabaseRESTClient.swift; path = KlangradarNative/Core/Networking/SupabaseRESTClient.swift; sourceTree = "<group>"; };
		B8959F6315C7974ACEF1857B /* EventRepository.swift */ = {isa = PBXFileReference; includeInIndex = 1; lastKnownFileType = sourcecode.swift; name = EventRepository.swift; path = KlangradarNative/Core/Repositories/EventRepository.swift; sourceTree = "<group>"; };
		B9EEDF66B782F41BEE616A4D /* VerifyEmailStepView.swift */ = {isa = PBXFileReference; includeInIndex = 1; lastKnownFileType = sourcecode.swift; name = VerifyEmailStepView.swift; path = KlangradarNative/Features/Onboarding/VerifyEmailStepView.swift; sourceTree = "<group>"; };
		BD4623666B8036D87605E508 /* ContentRepository.swift */ = {isa = PBXFileReference; includeInIndex = 1; lastKnownFileType = sourcecode.swift; name = ContentRepository.swift; path = KlangradarNative/Core/Repositories/ContentRepository.swift; sourceTree = "<group>"; };
		BEC4DA6BA0B04AC376A7FC75 /* VenueLocationTests.swift */ = {isa = PBXFileReference; includeInIndex = 1; lastKnownFileType = sourcecode.swift; name = VenueLocationTests.swift; path = KlangradarNativeTests/VenueLocationTests.swift; sourceTree = "<group>"; };
		BED13CDEAAF4A05BB4C3D60F /* EditorialGalleryEditor.swift */ = {isa = PBXFileReference; includeInIndex = 1; lastKnownFileType = sourcecode.swift; name = EditorialGalleryEditor.swift; path = KlangradarNative/Features/Editorial/Media/EditorialGalleryEditor.swift; sourceTree = "<group>"; };
		C4B25C634A27FACAFEBD81F2 /* NotificationSettingsView.swift */ = {isa = PBXFileReference; includeInIndex = 1; lastKnownFileType = sourcecode.swift; name = NotificationSettingsView.swift; path = KlangradarNative/Features/Profile/NotificationSettingsView.swift; sourceTree = "<group>"; };
		C6DA01FE0665A7F9DA7CDCB4 /* AuthSession.swift */ = {isa = PBXFileReference; includeInIndex = 1; lastKnownFileType = sourcecode.swift; name = AuthSession.swift; path = KlangradarNative/Core/Authentication/AuthSession.swift; sourceTree = "<group>"; };
		C7291D88ACD7B35CE290FCC2 /* FollowProfilesStepView.swift */ = {isa = PBXFileReference; includeInIndex = 1; lastKnownFileType = sourcecode.swift; name = FollowProfilesStepView.swift; path = KlangradarNative/Features/Onboarding/FollowProfilesStepView.swift; sourceTree = "<group>"; };
		C821C0FD125416D597792438 /* AttendanceLocationMonitor.swift */ = {isa = PBXFileReference; includeInIndex = 1; lastKnownFileType = sourcecode.swift; name = AttendanceLocationMonitor.swift; path = KlangradarNative/Core/Attendance/AttendanceLocationMonitor.swift; sourceTree = "<group>"; };
		CA77211E442E747F744CCDE9 /* UserRepository.swift */ = {isa = PBXFileReference; includeInIndex = 1; lastKnownFileType = sourcecode.swift; name = UserRepository.swift; path = KlangradarNative/Core/Repositories/UserRepository.swift; sourceTree = "<group>"; };
		CC86997EC4A5165668B7B697 /* EventArtwork.swift */ = {isa = PBXFileReference; includeInIndex = 1; lastKnownFileType = sourcecode.swift; name = EventArtwork.swift; path = KlangradarNative/DesignSystem/Components/EventArtwork.swift; sourceTree = "<group>"; };
		D33E8D989652D3D9BE41B5E5 /* EditorialTodayView.swift */ = {isa = PBXFileReference; includeInIndex = 1; lastKnownFileType = sourcecode.swift; name = EditorialTodayView.swift; path = KlangradarNative/Features/Editorial/Today/EditorialTodayView.swift; sourceTree = "<group>"; };
		D811FF60F1C9C94DCC60B768 /* HomeCache.swift */ = {isa = PBXFileReference; includeInIndex = 1; lastKnownFileType = sourcecode.swift; name = HomeCache.swift; path = KlangradarNative/Core/Networking/HomeCache.swift; sourceTree = "<group>"; };
		D84115ADD960227B5718C5FC /* RecentlyEditedStore.swift */ = {isa = PBXFileReference; includeInIndex = 1; lastKnownFileType = sourcecode.swift; name = RecentlyEditedStore.swift; path = KlangradarNative/Features/Editorial/Shell/RecentlyEditedStore.swift; sourceTree = "<group>"; };
		E15FBA70434E0D67076BA00B /* Haptics.swift */ = {isa = PBXFileReference; includeInIndex = 1; lastKnownFileType = sourcecode.swift; name = Haptics.swift; path = KlangradarNative/DesignSystem/Haptics.swift; sourceTree = "<group>"; };
		E20C3B64C5E340661575EE9A /* CroppedAsyncImage.swift */ = {isa = PBXFileReference; includeInIndex = 1; lastKnownFileType = sourcecode.swift; name = CroppedAsyncImage.swift; path = KlangradarNative/DesignSystem/Components/CroppedAsyncImage.swift; sourceTree = "<group>"; };
		E2306B27D29BEA70BB20C8A1 /* ForgotPasswordView.swift */ = {isa = PBXFileReference; includeInIndex = 1; lastKnownFileType = sourcecode.swift; name = ForgotPasswordView.swift; path = KlangradarNative/Features/Onboarding/ForgotPasswordView.swift; sourceTree = "<group>"; };
		E2FE0DD41137CE1A144F65AA /* LiquidGlassSurface.swift */ = {isa = PBXFileReference; includeInIndex = 1; lastKnownFileType = sourcecode.swift; name = LiquidGlassSurface.swift; path = KlangradarNative/DesignSystem/Components/LiquidGlassSurface.swift; sourceTree = "<group>"; };
		E3D7F5FFE6AC7C6515911C3B /* LocationRequester.swift */ = {isa = PBXFileReference; includeInIndex = 1; lastKnownFileType = sourcecode.swift; name = LocationRequester.swift; path = KlangradarNative/Core/Location/LocationRequester.swift; sourceTree = "<group>"; };
		E42F06D0C7920FE8986E02F9 /* EditorialRepository.swift */ = {isa = PBXFileReference; includeInIndex = 1; lastKnownFileType = sourcecode.swift; name = EditorialRepository.swift; path = KlangradarNative/Core/Repositories/EditorialRepository.swift; sourceTree = "<group>"; };
		E44D3F639F52D54A14E4C76A /* EditorialProgramScanView.swift */ = {isa = PBXFileReference; includeInIndex = 1; lastKnownFileType = sourcecode.swift; name = EditorialProgramScanView.swift; path = KlangradarNative/Features/Editorial/ProgramScan/EditorialProgramScanView.swift; sourceTree = "<group>"; };
		E6D1EF5CCDCD21904E907DAD /* KlangradarTheme.swift */ = {isa = PBXFileReference; includeInIndex = 1; lastKnownFileType = sourcecode.swift; name = KlangradarTheme.swift; path = KlangradarNative/DesignSystem/KlangradarTheme.swift; sourceTree = "<group>"; };
		E7DCF17C1753411EDB7107D3 /* EditorialMoreView.swift */ = {isa = PBXFileReference; includeInIndex = 1; lastKnownFileType = sourcecode.swift; name = EditorialMoreView.swift; path = KlangradarNative/Features/Editorial/More/EditorialMoreView.swift; sourceTree = "<group>"; };
		E8279BEFAB1D4CE4AA6E5D15 /* EditorialShellView.swift */ = {isa = PBXFileReference; includeInIndex = 1; lastKnownFileType = sourcecode.swift; name = EditorialShellView.swift; path = KlangradarNative/Features/Editorial/Shell/EditorialShellView.swift; sourceTree = "<group>"; };
		ED5D2FE81680DDE2224BCAE5 /* PasswordLoginView.swift */ = {isa = PBXFileReference; includeInIndex = 1; lastKnownFileType = sourcecode.swift; name = PasswordLoginView.swift; path = KlangradarNative/Features/Onboarding/PasswordLoginView.swift; sourceTree = "<group>"; };
		F1B596F3F086360E442DFAAC /* EditorialQuickFixView.swift */ = {isa = PBXFileReference; includeInIndex = 1; lastKnownFileType = sourcecode.swift; name = EditorialQuickFixView.swift; path = KlangradarNative/Features/Editorial/QuickFix/EditorialQuickFixView.swift; sourceTree = "<group>"; };
		F429384AC105C65BEB0661E6 /* CityStore.swift */ = {isa = PBXFileReference; includeInIndex = 1; lastKnownFileType = sourcecode.swift; name = CityStore.swift; path = KlangradarNative/Core/Regions/CityStore.swift; sourceTree = "<group>"; };
		F454E3F2A0E4E3EDE8348EC5 /* EventCard.swift */ = {isa = PBXFileReference; includeInIndex = 1; lastKnownFileType = sourcecode.swift; name = EventCard.swift; path = KlangradarNative/DesignSystem/Components/EventCard.swift; sourceTree = "<group>"; };
		F54764C65C4D181B1B47AD9C /* JSONValue.swift */ = {isa = PBXFileReference; includeInIndex = 1; lastKnownFileType = sourcecode.swift; name = JSONValue.swift; path = KlangradarNative/Core/Networking/JSONValue.swift; sourceTree = "<group>"; };
		F5CD8132E84371350EDD4FE7 /* EditorialAIAssistantView.swift */ = {isa = PBXFileReference; includeInIndex = 1; lastKnownFileType = sourcecode.swift; name = EditorialAIAssistantView.swift; path = KlangradarNative/Features/Editorial/Shared/EditorialAIAssistantView.swift; sourceTree = "<group>"; };
		F8AA5213BBFF83F37B6FE34C /* SignUpStepView.swift */ = {isa = PBXFileReference; includeInIndex = 1; lastKnownFileType = sourcecode.swift; name = SignUpStepView.swift; path = KlangradarNative/Features/Onboarding/SignUpStepView.swift; sourceTree = "<group>"; };
		FA4F0DC9DB97E45E99DFF805 /* EditorialProgramOCRTests.swift */ = {isa = PBXFileReference; includeInIndex = 1; lastKnownFileType = sourcecode.swift; name = EditorialProgramOCRTests.swift; path = KlangradarNativeTests/EditorialProgramOCRTests.swift; sourceTree = "<group>"; };
		FA8F144D40C15391C4989954 /* InterestsView.swift */ = {isa = PBXFileReference; includeInIndex = 1; lastKnownFileType = sourcecode.swift; name = InterestsView.swift; path = KlangradarNative/Features/Profile/InterestsView.swift; sourceTree = "<group>"; };
		FB8ED8D832FD0D27514A4091 /* CollectionDetailView.swift */ = {isa = PBXFileReference; includeInIndex = 1; lastKnownFileType = sourcecode.swift; name = CollectionDetailView.swift; path = KlangradarNative/Features/Collections/CollectionDetailView.swift; sourceTree = "<group>"; };
		FF3C7B8E109910E6DB7E2E1C /* AppEnvironment.swift */ = {isa = PBXFileReference; includeInIndex = 1; lastKnownFileType = sourcecode.swift; name = AppEnvironment.swift; path = KlangradarNative/App/AppEnvironment.swift; sourceTree = "<group>"; };
/* End PBXFileReference section */

/* Begin PBXFrameworksBuildPhase section */
		479C523C3B59CE1A9E8641A4 /* Frameworks */ = {
			isa = PBXFrameworksBuildPhase;
			buildActionMask = 2147483647;
			files = (
				4038C1C1B6838DAF526FCA8E /* Foundation.framework in Frameworks */,
			);
			runOnlyForDeploymentPostprocessing = 0;
		};
		78B5639CD860E961218A08DE /* Frameworks */ = {
			isa = PBXFrameworksBuildPhase;
			buildActionMask = 2147483647;
			files = (
				482D637B31099D31F6133BEA /* Foundation.framework in Frameworks */,
			);
			runOnlyForDeploymentPostprocessing = 0;
		};
/* End PBXFrameworksBuildPhase section */

/* Begin PBXGroup section */
		071EFB5A838674F3A358BC4B /* Media */ = {
			isa = PBXGroup;
			children = (
				BED13CDEAAF4A05BB4C3D60F /* EditorialGalleryEditor.swift */,
				02109EEEDF63286CF801284A /* EditorialImagePickerButtons.swift */,
				6F081E0BAD41751D6E5C7A52 /* EditorialMediaTabView.swift */,
			);
			name = Media;
			sourceTree = "<group>";
		};
		09A9BDB6463086ACF7D6A06D /* EntityEditor */ = {
			isa = PBXGroup;
			children = (
				7CC40BBC7992AF097E0F2F93 /* EditorialEntityEditorView.swift */,
			);
			name = EntityEditor;
			sourceTree = "<group>";
		};
		15073A75D15F28B1B8DC6096 /* Events */ = {
			isa = PBXGroup;
			children = (
				3271F83560B4A71645600CEA /* EditorialEventsListView.swift */,
			);
			name = Events;
			sourceTree = "<group>";
		};
		1710435EE62E7C6B228E00BD /* Home */ = {
			isa = PBXGroup;
			children = (
				AEAE800C61FC22C6F93A4639 /* HomeView.swift */,
				8C299D8465F0E5925F02F4D7 /* HomeViewModel.swift */,
				610AA2274E730024470E8C9B /* MarketingAppShellView.swift */,
				011FCF90BFE3AB8AFA91567E /* MarketingContentEditorView.swift */,
				698051849A1D34AC780FD160 /* MarketingContentStore.swift */,
				2FC5EE5967820E7B639B4D87 /* MarketingHomeScreenView.swift */,
			);
			name = Home;
			sourceTree = "<group>";
		};
		17F52D45526611599624C8D3 /* Directory */ = {
			isa = PBXGroup;
			children = (
				825BD8724370AC8FDB3F2BEE /* EntityDetailView.swift */,
			);
			name = Directory;
			sourceTree = "<group>";
		};
		1AC7EFDB9210B5EF42F3D30B /* Networking */ = {
			isa = PBXGroup;
			children = (
				69ED109801134EC8F4E3C6B3 /* HTTPClient.swift */,
				D811FF60F1C9C94DCC60B768 /* HomeCache.swift */,
				168FEE83D0D65761973AE5DC /* ImageCache.swift */,
				F54764C65C4D181B1B47AD9C /* JSONValue.swift */,
				B6425F93DA598AABEBB507E5 /* SupabaseRESTClient.swift */,
			);
			name = Networking;
			sourceTree = "<group>";
		};
		1ACAD1A38AF1F92F0C123D9D /* EventEditor */ = {
			isa = PBXGroup;
			children = (
				03B539B407134632F4DF43C0 /* EditorialEventEditorView.swift */,
			);
			name = EventEditor;
			sourceTree = "<group>";
		};
		1C83EF9787CA2D837C7982B1 /* Shared */ = {
			isa = PBXGroup;
			children = (
				3F6E579575F17FA74C79295B /* ReportContentSheet.swift */,
			);
			name = Shared;
			sourceTree = "<group>";
		};
		1E0FE893DB11A71EFE816061 /* Products */ = {
			isa = PBXGroup;
			children = (
				9248A88CFE77B8421812B44B /* KlangradarNative.app */,
				B5C12CAEBA694A6E81A0022E /* KlangradarNativeTests.xctest */,
			);
			name = Products;
			sourceTree = "<group>";
		};
		2EEF0FEB69D1D35CF6D969EB /* DesignSystem */ = {
			isa = PBXGroup;
			children = (
				923B51ED488E9612E2E4E43F /* Components */,
				E15FBA70434E0D67076BA00B /* Haptics.swift */,
				E6D1EF5CCDCD21904E907DAD /* KlangradarTheme.swift */,
			);
			name = DesignSystem;
			sourceTree = "<group>";
		};
		32BBE0C720A8CBFA521DFBEB /* Authentication */ = {
			isa = PBXGroup;
			children = (
				44A2C0F280874A90F895BB6F /* AuthService.swift */,
				C6DA01FE0665A7F9DA7CDCB4 /* AuthSession.swift */,
				2718F9393FDB3DB6DC880A30 /* AuthStore.swift */,
				2513DB56A4CE60B1D7BE647E /* BiometricAuth.swift */,
				8F4A46147E42B9F93EF6BAAD /* KeychainStore.swift */,
			);
			name = Authentication;
			sourceTree = "<group>";
		};
		3FE9EED9D44D487E7E573B07 /* Domain */ = {
			isa = PBXGroup;
			children = (
				4179E88CF01F23D962AC7730 /* Models */,
			);
			name = Domain;
			sourceTree = "<group>";
		};
		4179E88CF01F23D962AC7730 /* Models */ = {
			isa = PBXGroup;
			children = (
				284266A3CF205CB683D0AC85 /* ConcertEvent.swift */,
				A44F279B8E4B87017D77255C /* ContentModels.swift */,
				2879CC5CD6BA5172F85EEE8D /* SampleData.swift */,
				6667FE83A05200CFC5231D42 /* VenueLocation.swift */,
			);
			name = Models;
			sourceTree = "<group>";
		};
		43E214C3DE209B531EE62172 /* Repositories */ = {
			isa = PBXGroup;
			children = (
				BD4623666B8036D87605E508 /* ContentRepository.swift */,
				E42F06D0C7920FE8986E02F9 /* EditorialRepository.swift */,
				B8959F6315C7974ACEF1857B /* EventRepository.swift */,
				22A22A89D97F5AEAC57CFBE0 /* FavoritesCache.swift */,
				CA77211E442E747F744CCDE9 /* UserRepository.swift */,
			);
			name = Repositories;
			sourceTree = "<group>";
		};
		4932EA151ECA39E7866CB592 /* KlangradarNativeTests */ = {
			isa = PBXGroup;
			children = (
				5A90C7EC37822645602FEA2C /* CityRegionOptionTests.swift */,
				2B71F21DFAE9A47EE82CE0BA /* ConcertEventTests.swift */,
				85B365C498558659310A25C1 /* EditorialCropMathTests.swift */,
				FA4F0DC9DB97E45E99DFF805 /* EditorialProgramOCRTests.swift */,
				8B223046F25910383BB2F730 /* EditorialRepositoryDeleteTests.swift */,
				BEC4DA6BA0B04AC376A7FC75 /* VenueLocationTests.swift */,
			);
			name = KlangradarNativeTests;
			sourceTree = "<group>";
		};
		4F173FC5522806E025FE48A7 /* Shell */ = {
			isa = PBXGroup;
			children = (
				334E7AE2E7EDEE55A55AAB8A /* EditorialGlobalToolbar.swift */,
				7B36EBFC644C3DE4E3AA22D9 /* EditorialSearchView.swift */,
				E8279BEFAB1D4CE4AA6E5D15 /* EditorialShellView.swift */,
				D84115ADD960227B5718C5FC /* RecentlyEditedStore.swift */,
			);
			name = Shell;
			sourceTree = "<group>";
		};
		56F5EA41FEA0097E40342FD7 /* App */ = {
			isa = PBXGroup;
			children = (
				400D8A40F15F92F6125C0D67 /* AppDelegate.swift */,
				FF3C7B8E109910E6DB7E2E1C /* AppEnvironment.swift */,
				588BCAD0C6C303CC007374A1 /* KlangradarNativeApp.swift */,
				A04E8EC084410944EE9AAE6B /* RootTabView.swift */,
			);
			name = App;
			sourceTree = "<group>";
		};
		5B2FF56A942A91C0D00068FD /* Location */ = {
			isa = PBXGroup;
			children = (
				E3D7F5FFE6AC7C6515911C3B /* LocationRequester.swift */,
			);
			name = Location;
			sourceTree = "<group>";
		};
		61316B178BEB2179B453F40E /* Reports */ = {
			isa = PBXGroup;
			children = (
				4500E6BCC479279D0BC946AC /* EditorialReportsTabView.swift */,
			);
			name = Reports;
			sourceTree = "<group>";
		};
		683722221DD090A732F3A752 /* Attendance */ = {
			isa = PBXGroup;
			children = (
				1CBCBC9240721B778B95EE5A /* AttendanceConfirmationPrompt.swift */,
				C821C0FD125416D597792438 /* AttendanceLocationMonitor.swift */,
			);
			name = Attendance;
			sourceTree = "<group>";
		};
		6C261AA0DE289AC6CA535EAA = {
			isa = PBXGroup;
			children = (
				1E0FE893DB11A71EFE816061 /* Products */,
				EF8D6D5256CA4E5107B52254 /* Frameworks */,
				EF1177B41F2B05D52F78DD30 /* KlangradarNative */,
				4932EA151ECA39E7866CB592 /* KlangradarNativeTests */,
			);
			sourceTree = "<group>";
		};
		70A124EF4B0C253007811D6F /* Features */ = {
			isa = PBXGroup;
			children = (
				86489F19894530D925283C99 /* Calendar */,
				E289AF521DA8CE5EAAA55B89 /* Collections */,
				17F52D45526611599624C8D3 /* Directory */,
				DE6F5379F8280AA915DE9372 /* Editorial */,
				CA2CAB45CC7A4B4FC85A0119 /* EventDetail */,
				1710435EE62E7C6B228E00BD /* Home */,
				FE60E8FF7400D2D19757E9EF /* Map */,
				F2FB045A4CD1F1B053E5BD2C /* Onboarding */,
				CF0A103B8D10C1345BDB221D /* Profile */,
				FB73C86F4AC58D91B791CF0E /* Search */,
				DF6AF7A5659BAD2B59EF4AEF /* Settings */,
				1C83EF9787CA2D837C7982B1 /* Shared */,
			);
			name = Features;
			sourceTree = "<group>";
		};
		72A50E352D7B1705ED7808E4 /* Resources */ = {
			isa = PBXGroup;
			children = (
				3A22C734DC9CBF150681C700 /* Assets.xcassets */,
			);
			name = Resources;
			sourceTree = "<group>";
		};
		78821B4D821FE7610052ADFE /* Shared */ = {
			isa = PBXGroup;
			children = (
				F5CD8132E84371350EDD4FE7 /* EditorialAIAssistantView.swift */,
				86AFF1D82012C16551A66547 /* EditorialSharedViews.swift */,
			);
			name = Shared;
			sourceTree = "<group>";
		};
		7DD275571012840004D58946 /* Utilities */ = {
			isa = PBXGroup;
			children = (
				13EBA46008242B439485EE39 /* AddToCalendarView.swift */,
				67329E895F3780EEB775ED9D /* IcsExport.swift */,
			);
			name = Utilities;
			sourceTree = "<group>";
		};
		838A31E5FB5BB45C35C71DE2 /* Core */ = {
			isa = PBXGroup;
			children = (
				683722221DD090A732F3A752 /* Attendance */,
				32BBE0C720A8CBFA521DFBEB /* Authentication */,
				EC4B3BE5D1B02265F346733C /* Configuration */,
				453C2DF2F97946F9C8F9BD8B /* GenreFilterRouter.swift */,
				5B2FF56A942A91C0D00068FD /* Location */,
				1AC7EFDB9210B5EF42F3D30B /* Networking */,
				DF3D19AC4FD559FFA3813F9E /* Regions */,
				43E214C3DE209B531EE62172 /* Repositories */,
				7DD275571012840004D58946 /* Utilities */,
			);
			name = Core;
			sourceTree = "<group>";
		};
		86489F19894530D925283C99 /* Calendar */ = {
			isa = PBXGroup;
			children = (
				1DD9078356BE1DE6EBB55FE5 /* EventCalendarView.swift */,
			);
			name = Calendar;
			sourceTree = "<group>";
		};
		923B51ED488E9612E2E4E43F /* Components */ = {
			isa = PBXGroup;
			children = (
				9791A11D2D559B5CF281FA3D /* CachedAsyncImage.swift */,
				E20C3B64C5E340661575EE9A /* CroppedAsyncImage.swift */,
				CC86997EC4A5165668B7B697 /* EventArtwork.swift */,
				F454E3F2A0E4E3EDE8348EC5 /* EventCard.swift */,
				2076093E066AD322AAB99691 /* GlassIconButton.swift */,
				476D7A87DF4012218025648B /* HiddenScrollEdgeNavigationBar.swift */,
				E2FE0DD41137CE1A144F65AA /* LiquidGlassSurface.swift */,
			);
			name = Components;
			sourceTree = "<group>";
		};
		96984467511DB1D85CD65B6D /* CreateFlows */ = {
			isa = PBXGroup;
			children = (
				3C355E77205B7F1E36109F5C /* EditorialCreateEntityView.swift */,
			);
			name = CreateFlows;
			sourceTree = "<group>";
		};
		9F1691CE4C84B930EFF1E1C7 /* ProgramScan */ = {
			isa = PBXGroup;
			children = (
				98089858538DF92B24F7A46E /* EditorialDocumentScanner.swift */,
				3FD817BCA7A8E9A0C8538639 /* EditorialProgramOCR.swift */,
				E44D3F639F52D54A14E4C76A /* EditorialProgramScanView.swift */,
			);
			name = ProgramScan;
			sourceTree = "<group>";
		};
		A5B78DB2ACE894D89264B550 /* ImageCrop */ = {
			isa = PBXGroup;
			children = (
				1CDC5BD1C7643C193F9D6F1E /* EditorialImageCropView.swift */,
			);
			name = ImageCrop;
			sourceTree = "<group>";
		};
		A7ADB5FBF08DBF5536A07D4A /* VenueCreate */ = {
			isa = PBXGroup;
			children = (
				8073904A6A166EC933837DC3 /* EditorialCreateVenueView.swift */,
				6889B3D02EE9859AAACE334E /* EditorialLocationSearch.swift */,
			);
			name = VenueCreate;
			sourceTree = "<group>";
		};
		B80596CF000972BB4D4BF5AF /* Today */ = {
			isa = PBXGroup;
			children = (
				D33E8D989652D3D9BE41B5E5 /* EditorialTodayView.swift */,
			);
			name = Today;
			sourceTree = "<group>";
		};
		CA2CAB45CC7A4B4FC85A0119 /* EventDetail */ = {
			isa = PBXGroup;
			children = (
				78B55DCD3BD82DF057211248 /* EventDetailView.swift */,
			);
			name = EventDetail;
			sourceTree = "<group>";
		};
		CF0A103B8D10C1345BDB221D /* Profile */ = {
			isa = PBXGroup;
			children = (
				0610BE67CD50248408093D5E /* AGBView.swift */,
				2A6A0E43803CBA03DA1EB925 /* DatenschutzView.swift */,
				4D1146DBBB24A10F287F87E9 /* ImpressumView.swift */,
				FA8F144D40C15391C4989954 /* InterestsView.swift */,
				C4B25C634A27FACAFEBD81F2 /* NotificationSettingsView.swift */,
				0ECEABEC55D99F523E7C0DEB /* ProfileAvatarEditor.swift */,
				1115305A5F3EEC6C2B163154 /* ProfileSocialHub.swift */,
				34E76F8820832D7FAC64E987 /* ProfileView.swift */,
			);
			name = Profile;
			sourceTree = "<group>";
		};
		D9B173505C917C96BEB616AA /* iOS */ = {
			isa = PBXGroup;
			children = (
				B60B6053225DC8E045EBE42D /* Foundation.framework */,
			);
			name = iOS;
			sourceTree = "<group>";
		};
		DE6F5379F8280AA915DE9372 /* Editorial */ = {
			isa = PBXGroup;
			children = (
				96984467511DB1D85CD65B6D /* CreateFlows */,
				09A9BDB6463086ACF7D6A06D /* EntityEditor */,
				1ACAD1A38AF1F92F0C123D9D /* EventEditor */,
				15073A75D15F28B1B8DC6096 /* Events */,
				A5B78DB2ACE894D89264B550 /* ImageCrop */,
				071EFB5A838674F3A358BC4B /* Media */,
				DFF2A242BE2E06B8FD9802EA /* More */,
				9F1691CE4C84B930EFF1E1C7 /* ProgramScan */,
				E96EB1D14F21E84A95C9A4B9 /* QuickFix */,
				61316B178BEB2179B453F40E /* Reports */,
				78821B4D821FE7610052ADFE /* Shared */,
				4F173FC5522806E025FE48A7 /* Shell */,
				B80596CF000972BB4D4BF5AF /* Today */,
				A7ADB5FBF08DBF5536A07D4A /* VenueCreate */,
			);
			name = Editorial;
			sourceTree = "<group>";
		};
		DF3D19AC4FD559FFA3813F9E /* Regions */ = {
			isa = PBXGroup;
			children = (
				F429384AC105C65BEB0661E6 /* CityStore.swift */,
			);
			name = Regions;
			sourceTree = "<group>";
		};
		DF6AF7A5659BAD2B59EF4AEF /* Settings */ = {
			isa = PBXGroup;
			children = (
				3312DBCA3DE465A9A19FE7A6 /* CitySwitcherView.swift */,
			);
			name = Settings;
			sourceTree = "<group>";
		};
		DFF2A242BE2E06B8FD9802EA /* More */ = {
			isa = PBXGroup;
			children = (
				E7DCF17C1753411EDB7107D3 /* EditorialMoreView.swift */,
			);
			name = More;
			sourceTree = "<group>";
		};
		E289AF521DA8CE5EAAA55B89 /* Collections */ = {
			isa = PBXGroup;
			children = (
				FB8ED8D832FD0D27514A4091 /* CollectionDetailView.swift */,
			);
			name = Collections;
			sourceTree = "<group>";
		};
		E96EB1D14F21E84A95C9A4B9 /* QuickFix */ = {
			isa = PBXGroup;
			children = (
				F1B596F3F086360E442DFAAC /* EditorialQuickFixView.swift */,
			);
			name = QuickFix;
			sourceTree = "<group>";
		};
		EC4B3BE5D1B02265F346733C /* Configuration */ = {
			isa = PBXGroup;
			children = (
				16A490301DA8B38411A2152E /* APIConfiguration.swift */,
			);
			name = Configuration;
			sourceTree = "<group>";
		};
		EF1177B41F2B05D52F78DD30 /* KlangradarNative */ = {
			isa = PBXGroup;
			children = (
				56F5EA41FEA0097E40342FD7 /* App */,
				838A31E5FB5BB45C35C71DE2 /* Core */,
				2EEF0FEB69D1D35CF6D969EB /* DesignSystem */,
				3FE9EED9D44D487E7E573B07 /* Domain */,
				70A124EF4B0C253007811D6F /* Features */,
				72A50E352D7B1705ED7808E4 /* Resources */,
			);
			name = KlangradarNative;
			sourceTree = "<group>";
		};
		EF8D6D5256CA4E5107B52254 /* Frameworks */ = {
			isa = PBXGroup;
			children = (
				D9B173505C917C96BEB616AA /* iOS */,
			);
			name = Frameworks;
			sourceTree = "<group>";
		};
		F2FB045A4CD1F1B053E5BD2C /* Onboarding */ = {
			isa = PBXGroup;
			children = (
				0BF4DBF846174FE61ECBB49E /* CityPickerStepView.swift */,
				C7291D88ACD7B35CE290FCC2 /* FollowProfilesStepView.swift */,
				E2306B27D29BEA70BB20C8A1 /* ForgotPasswordView.swift */,
				9B0068FF1DAC1E239A284EAB /* InterestsStepView.swift */,
				514C77B3AE769BD586355413 /* NotificationsStepView.swift */,
				39ABFEDACB5D11CA53AF52DF /* OnboardingStepScaffold.swift */,
				79F5C7E0B847FA2617EA66E0 /* OnboardingSummaryView.swift */,
				840161EEEB6E424A31F40B4B /* OnboardingView.swift */,
				ED5D2FE81680DDE2224BCAE5 /* PasswordLoginView.swift */,
				9C97F7FA022924710A5796FD /* PersonalDataStepView.swift */,
				F8AA5213BBFF83F37B6FE34C /* SignUpStepView.swift */,
				B9EEDF66B782F41BEE616A4D /* VerifyEmailStepView.swift */,
				1BFEDC904B41882F2F2FCB47 /* WelcomeStepView.swift */,
			);
			name = Onboarding;
			sourceTree = "<group>";
		};
		FB73C86F4AC58D91B791CF0E /* Search */ = {
			isa = PBXGroup;
			children = (
				9AB3FFB35D4BAE0D1226FA09 /* SearchView.swift */,
				495D136179F05FC8F6DF188A /* SpeechSearchController.swift */,
			);
			name = Search;
			sourceTree = "<group>";
		};
		FE60E8FF7400D2D19757E9EF /* Map */ = {
			isa = PBXGroup;
			children = (
				2FEBC5F0764AC68C81769AAF /* VenueMapView.swift */,
			);
			name = Map;
			sourceTree = "<group>";
		};
/* End PBXGroup section */

/* Begin PBXNativeTarget section */
		39CEE6ECBA229E1221296458 /* KlangradarNative */ = {
			isa = PBXNativeTarget;
			buildConfigurationList = 27EF8D90020B8213BD3EA89A /* Build configuration list for PBXNativeTarget "KlangradarNative" */;
			buildPhases = (
				0B5929F5B0EDE5EFA3F87194 /* Sources */,
				78B5639CD860E961218A08DE /* Frameworks */,
				FCF3FAB60E0383C14E34F7D5 /* Resources */,
			);
			buildRules = (
			);
			dependencies = (
			);
			name = KlangradarNative;
			productName = KlangradarNative;
			productReference = 9248A88CFE77B8421812B44B /* KlangradarNative.app */;
			productType = "com.apple.product-type.application";
		};
		3CC2DB2A721892F684DE285C /* KlangradarNativeTests */ = {
			isa = PBXNativeTarget;
			buildConfigurationList = 8509AEF3863DAE7EDAFAAC3D /* Build configuration list for PBXNativeTarget "KlangradarNativeTests" */;
			buildPhases = (
				AEC1DEAC90F4AC84D674027F /* Sources */,
				479C523C3B59CE1A9E8641A4 /* Frameworks */,
				2E0B48D84541E50606A63C5C /* Resources */,
			);
			buildRules = (
			);
			dependencies = (
				C7C8BF5EAFF3B47876B6318F /* PBXTargetDependency */,
			);
			name = KlangradarNativeTests;
			productName = KlangradarNativeTests;
			productReference = B5C12CAEBA694A6E81A0022E /* KlangradarNativeTests.xctest */;
			productType = "com.apple.product-type.bundle.unit-test";
		};
/* End PBXNativeTarget section */

/* Begin PBXProject section */
		5E2271DA4C31809B2B349631 /* Project object */ = {
			isa = PBXProject;
			attributes = {
				LastSwiftUpdateCheck = 2660;
				LastUpgradeCheck = 2660;
			};
			buildConfigurationList = 82201F8F7ABBB93E74FA7599 /* Build configuration list for PBXProject "KlangradarNative" */;
			compatibilityVersion = "Xcode 3.2";
			developmentRegion = en;
			hasScannedForEncodings = 0;
			knownRegions = (
				en,
				Base,
			);
			mainGroup = 6C261AA0DE289AC6CA535EAA;
			minimizedProjectReferenceProxies = 0;
			preferredProjectObjectVersion = 100;
			productRefGroup = 1E0FE893DB11A71EFE816061 /* Products */;
			projectDirPath = "";
			projectRoot = "";
			targets = (
				39CEE6ECBA229E1221296458 /* KlangradarNative */,
				3CC2DB2A721892F684DE285C /* KlangradarNativeTests */,
			);
		};
/* End PBXProject section */

/* Begin PBXResourcesBuildPhase section */
		2E0B48D84541E50606A63C5C /* Resources */ = {
			isa = PBXResourcesBuildPhase;
			buildActionMask = 2147483647;
			files = (
			);
			runOnlyForDeploymentPostprocessing = 0;
		};
		FCF3FAB60E0383C14E34F7D5 /* Resources */ = {
			isa = PBXResourcesBuildPhase;
			buildActionMask = 2147483647;
			files = (
				4183D0B9FE7B680EA318FB44 /* Assets.xcassets in Resources */,
			);
			runOnlyForDeploymentPostprocessing = 0;
		};
/* End PBXResourcesBuildPhase section */

/* Begin PBXSourcesBuildPhase section */
		0B5929F5B0EDE5EFA3F87194 /* Sources */ = {
			isa = PBXSourcesBuildPhase;
			buildActionMask = 2147483647;
			files = (
				CEBC84C9E1F3A64B57A23177 /* AppDelegate.swift in Sources */,
				9634277045FBFF21C3969668 /* AppEnvironment.swift in Sources */,
				04855143319B585895F70DE4 /* KlangradarNativeApp.swift in Sources */,
				978BF9E53A45F0CDDB17ED55 /* RootTabView.swift in Sources */,
				0091622962ACA1D0D5584BDA /* AttendanceConfirmationPrompt.swift in Sources */,
				E4E3DDC85DA0D1B4455B7D06 /* AttendanceLocationMonitor.swift in Sources */,
				5AA3238817BEBF0C800352F1 /* AuthService.swift in Sources */,
				70FAEC2BD293F7F746B39AFA /* AuthSession.swift in Sources */,
				30FBC524498583E898D6BD49 /* AuthStore.swift in Sources */,
				D4C742D6B6A8A327EC4D28A6 /* BiometricAuth.swift in Sources */,
				32DD0CE7970B69B0968CAA67 /* KeychainStore.swift in Sources */,
				8AFC28BEB40183455E769EA4 /* APIConfiguration.swift in Sources */,
				9236A4BB5BF7C3E69DC6A8CE /* GenreFilterRouter.swift in Sources */,
				81003A8FFE663BC8F332C685 /* LocationRequester.swift in Sources */,
				5EBB2A3A75E6B2003EE9D1CB /* HTTPClient.swift in Sources */,
				CAC638E8DE6B29393FD2AD46 /* HomeCache.swift in Sources */,
				4B24DA11C471D55D45CFEB2F /* ImageCache.swift in Sources */,
				F55751B57A6BC95AA7287F0A /* JSONValue.swift in Sources */,
				8E9839F45A2BB26A5CE77E59 /* SupabaseRESTClient.swift in Sources */,
				B6EBD6BFC1E134546921BFB8 /* CityStore.swift in Sources */,
				2345E074C3C9B64A9F59EDDD /* ContentRepository.swift in Sources */,
				B36A8F55F96412F42C03FB00 /* EditorialRepository.swift in Sources */,
				C55216C8D895967686851CD9 /* EventRepository.swift in Sources */,
				83CDFE4C469BC573E98DA5E5 /* FavoritesCache.swift in Sources */,
				7A0710D9FE76C31545066838 /* UserRepository.swift in Sources */,
				B8B1B614A89713AC2EF1D2E6 /* AddToCalendarView.swift in Sources */,
				2D353DB9CD76A487A230BDB2 /* IcsExport.swift in Sources */,
				DBE8751BA43EE00000181922 /* CachedAsyncImage.swift in Sources */,
				A1341167969A67106F1FFF76 /* CroppedAsyncImage.swift in Sources */,
				3E1F2EAAA35F38B8F3335940 /* EventArtwork.swift in Sources */,
				D5E60091AE88583512498CE6 /* EventCard.swift in Sources */,
				8B01FF82890DF58D84FB2564 /* GlassIconButton.swift in Sources */,
				30B57025FDCCD0DD1A54A0D8 /* HiddenScrollEdgeNavigationBar.swift in Sources */,
				484863DC99776312B5E67C98 /* LiquidGlassSurface.swift in Sources */,
				0CA8B6A46EB4135137FDCDB4 /* Haptics.swift in Sources */,
				C02C7C5D8E7FCC5FDC2796BD /* KlangradarTheme.swift in Sources */,
				576C9DC636823EEF870E449E /* ConcertEvent.swift in Sources */,
				0A5CD1F5908FE5F3AA1794FC /* ContentModels.swift in Sources */,
				A2FD5429CCCFE20359958709 /* SampleData.swift in Sources */,
				90A8A9FEA5AC7A5EB61499D3 /* VenueLocation.swift in Sources */,
				03443FD6F69BE43319F6DE20 /* EventCalendarView.swift in Sources */,
				0C104703976EF1219061AFA4 /* CollectionDetailView.swift in Sources */,
				3F942CC720C921D92DB5DEA2 /* EntityDetailView.swift in Sources */,
				660C82213E4044F67D175D39 /* EditorialCreateEntityView.swift in Sources */,
				473D76E500F928F2319A6540 /* EditorialEntityEditorView.swift in Sources */,
				433D73A4261546E4DDD11C06 /* EditorialEventEditorView.swift in Sources */,
				5154ACF409BBB3EFE5BF0327 /* EditorialEventsListView.swift in Sources */,
				65C0ECEB9352B6BD3EDF1857 /* EditorialImageCropView.swift in Sources */,
				6D81B5AA14E704A03FB000FB /* EditorialGalleryEditor.swift in Sources */,
				B6B6315C1739740C8CB345AD /* EditorialImagePickerButtons.swift in Sources */,
				470522207C7B5A406775F971 /* EditorialMediaTabView.swift in Sources */,
				757A223BA4C26CB5F8217970 /* EditorialMoreView.swift in Sources */,
				8B0874A5A359DA5226186175 /* EditorialDocumentScanner.swift in Sources */,
				CCEBA972B90D644AC72254D4 /* EditorialProgramOCR.swift in Sources */,
				3E5203A758625F09540C8137 /* EditorialProgramScanView.swift in Sources */,
				F46EA96044AEA38ACCE3F38E /* EditorialQuickFixView.swift in Sources */,
				539308D72AD4EF7C5FB8CEE7 /* EditorialReportsTabView.swift in Sources */,
				4BA3C40CA42E397FAAA53D7A /* EditorialAIAssistantView.swift in Sources */,
				DB8ED0A4226696A2903A4577 /* EditorialSharedViews.swift in Sources */,
				171348AA2970D5C5D2A8E5BB /* EditorialGlobalToolbar.swift in Sources */,
				F7611C7119EA1BE04EC311D8 /* EditorialSearchView.swift in Sources */,
				F89F04607B9794DFD4E5D259 /* EditorialShellView.swift in Sources */,
				86EE449856AD2B50D8FC3E49 /* RecentlyEditedStore.swift in Sources */,
				43438797831E33894EAEBEDA /* EditorialTodayView.swift in Sources */,
				9ABC16FA4E10915A5EAE5A6C /* EditorialCreateVenueView.swift in Sources */,
				EDE3611E4AC559876491F924 /* EditorialLocationSearch.swift in Sources */,
				48DFD4FD3CC2C22758A31708 /* EventDetailView.swift in Sources */,
				657B87D7324397FAED00EEB2 /* HomeView.swift in Sources */,
				8BD9C37EE59530E2723B5871 /* HomeViewModel.swift in Sources */,
				EF84ABFCEB779BC186B5D4C1 /* MarketingAppShellView.swift in Sources */,
				90E731DCC95E291DE09B5BC5 /* MarketingContentEditorView.swift in Sources */,
				6FF3A6622CA2EBA2A3456984 /* MarketingContentStore.swift in Sources */,
				53B6471C2D1A7DA847AC76D7 /* MarketingHomeScreenView.swift in Sources */,
				43341DAD141857ACAD38A46D /* VenueMapView.swift in Sources */,
				7FA4E5670C444FF6BAA79AEC /* CityPickerStepView.swift in Sources */,
				B2906AE3468271AD8A9496D8 /* FollowProfilesStepView.swift in Sources */,
				863E25605E1A0C3B4B57E1E6 /* ForgotPasswordView.swift in Sources */,
				FD0A6CC954056970789A47EB /* InterestsStepView.swift in Sources */,
				DB044B486AB87FC229A9A865 /* NotificationsStepView.swift in Sources */,
				853C373DF948A8E99655D127 /* OnboardingStepScaffold.swift in Sources */,
				BA9F762C4CE0B5C578649924 /* OnboardingSummaryView.swift in Sources */,
				E6E60D804517B983EF290E9B /* OnboardingView.swift in Sources */,
				E7DB1582D39664BC7759B1C7 /* PasswordLoginView.swift in Sources */,
				67A37192032C01DCC23B8D15 /* PersonalDataStepView.swift in Sources */,
				0310A19B16C6A754718CBC62 /* SignUpStepView.swift in Sources */,
				76E8D47AECAFB3C0B00D6630 /* VerifyEmailStepView.swift in Sources */,
				267A8A03EA0F4C0CB8A8268E /* WelcomeStepView.swift in Sources */,
				B51E413E53B328E200B4E4E5 /* AGBView.swift in Sources */,
				C2FA6EC4847DDF44A0EA19F0 /* DatenschutzView.swift in Sources */,
				A4BBDFEF91AC74199D05164F /* ImpressumView.swift in Sources */,
				4EF8CED138D9DFC2EE538185 /* InterestsView.swift in Sources */,
				9FC99ACCFE10917CFC6462D4 /* NotificationSettingsView.swift in Sources */,
				B8014F857EC67B45F1FABB6A /* ProfileAvatarEditor.swift in Sources */,
				5C9757E7493D2827403ED7B0 /* ProfileSocialHub.swift in Sources */,
				525452D5F52C65ACB1A65EE2 /* ProfileView.swift in Sources */,
				7CF14E23B7137985AD31C35E /* SearchView.swift in Sources */,
				58F017BD3FD8E987D5CE2F94 /* SpeechSearchController.swift in Sources */,
				C8078D14E6A0A039FDC92FA3 /* CitySwitcherView.swift in Sources */,
				312EB2A0385E9AD9303E48D2 /* ReportContentSheet.swift in Sources */,
			);
			runOnlyForDeploymentPostprocessing = 0;
		};
		AEC1DEAC90F4AC84D674027F /* Sources */ = {
			isa = PBXSourcesBuildPhase;
			buildActionMask = 2147483647;
			files = (
				FFB27BAD98A265C35DB5942E /* CityRegionOptionTests.swift in Sources */,
				C03F1A8DBA0D6B18523DD7A0 /* ConcertEventTests.swift in Sources */,
				6861DD1A79A87FA19ECD1533 /* EditorialCropMathTests.swift in Sources */,
				3255264DD1EE79D8855781D0 /* EditorialProgramOCRTests.swift in Sources */,
				D56161006330B60790D7A7E6 /* EditorialRepositoryDeleteTests.swift in Sources */,
				E1BD6563A1DBC55DE3D9B5E1 /* VenueLocationTests.swift in Sources */,
			);
			runOnlyForDeploymentPostprocessing = 0;
		};
/* End PBXSourcesBuildPhase section */

/* Begin PBXTargetDependency section */
		C7C8BF5EAFF3B47876B6318F /* PBXTargetDependency */ = {
			isa = PBXTargetDependency;
			name = KlangradarNative;
			target = 39CEE6ECBA229E1221296458 /* KlangradarNative */;
			targetProxy = 3CB73C2A131A994A56BA3D62 /* PBXContainerItemProxy */;
		};
/* End PBXTargetDependency section */

/* Begin XCBuildConfiguration section */
		29F3C4F3F3F16AA6A658391E /* Release */ = {
			isa = XCBuildConfiguration;
			buildSettings = {
				ASSETCATALOG_COMPILER_APPICON_NAME = AppIcon;
				ASSETCATALOG_COMPILER_GLOBAL_ACCENT_COLOR_NAME = AccentColor;
				CLANG_ENABLE_OBJC_WEAK = NO;
				CODE_SIGN_STYLE = Automatic;
				CURRENT_PROJECT_VERSION = 1;
				DEVELOPMENT_ASSET_PATHS = "";
				DEVELOPMENT_TEAM = DVH3MYQ64A;
				ENABLE_PREVIEWS = YES;
				GENERATE_INFOPLIST_FILE = YES;
				INFOPLIST_KEY_CFBundleDisplayName = Klangradar;
				INFOPLIST_KEY_LSApplicationCategoryType = "public.app-category.music";
				INFOPLIST_KEY_NSCalendarsWriteOnlyAccessUsageDescription = "Klangradar legt Konzerte nur nach deiner Bestätigung in deinem Kalender an.";
				INFOPLIST_KEY_NSCameraUsageDescription = "Klangradar nutzt die Kamera, um ein Profilbild aufzunehmen.";
				INFOPLIST_KEY_NSFaceIDUsageDescription = "Klangradar nutzt Face ID, um deinen Account zu schützen.";
				INFOPLIST_KEY_NSLocationAlwaysAndWhenInUseUsageDescription = "Klangradar erkennt automatisch, wenn du bei einem gemerkten Konzert bist, und fragt dich dann per Benachrichtigung, ob du es als besucht markieren möchtest.";
				INFOPLIST_KEY_NSLocationWhenInUseUsageDescription = "Klangradar nutzt deinen Standort, um Konzerte in deiner Nähe zu zeigen.";
				INFOPLIST_KEY_NSMicrophoneUsageDescription = "Klangradar nutzt das Mikrofon nur, wenn du die Sprachsuche startest.";
				INFOPLIST_KEY_NSPhotoLibraryUsageDescription = "Klangradar nutzt deine Fotomediathek, um ein Profilbild auszuwählen.";
				INFOPLIST_KEY_NSSpeechRecognitionUsageDescription = "Klangradar wandelt deine Sucheingabe in Text um.";
				INFOPLIST_KEY_UIApplicationSupportsIndirectInputEvents = YES;
				INFOPLIST_KEY_UILaunchScreen_Generation = YES;
				INFOPLIST_KEY_UISupportedInterfaceOrientations_iPad = "UIInterfaceOrientationPortrait UIInterfaceOrientationPortraitUpsideDown UIInterfaceOrientationLandscapeLeft UIInterfaceOrientationLandscapeRight";
				INFOPLIST_KEY_UISupportedInterfaceOrientations_iPhone = "UIInterfaceOrientationPortrait UIInterfaceOrientationLandscapeLeft UIInterfaceOrientationLandscapeRight";
				IPHONEOS_DEPLOYMENT_TARGET = 17.0;
				LD_RUNPATH_SEARCH_PATHS = "$(inherited) @executable_path/Frameworks";
				MARKETING_VERSION = 1.0;
				PRODUCT_BUNDLE_IDENTIFIER = de.klangradar.native;
				PRODUCT_NAME = "$(TARGET_NAME)";
				SDKROOT = iphoneos;
				SUPPORTED_PLATFORMS = "iphoneos iphonesimulator";
				SUPPORTS_MACCATALYST = NO;
				SWIFT_EMIT_LOC_STRINGS = YES;
				SWIFT_STRICT_CONCURRENCY = complete;
				SWIFT_VERSION = 6.0;
				TARGETED_DEVICE_FAMILY = "1,2";
				VALIDATE_PRODUCT = YES;
			};
			name = Release;
		};
		6B5E44BDCAC130B6868FA700 /* Debug */ = {
			isa = XCBuildConfiguration;
			buildSettings = {
				ALWAYS_SEARCH_USER_PATHS = NO;
				CLANG_ANALYZER_NONNULL = YES;
				CLANG_ANALYZER_NUMBER_OBJECT_CONVERSION = YES_AGGRESSIVE;
				CLANG_CXX_LANGUAGE_STANDARD = "gnu++14";
				CLANG_CXX_LIBRARY = "libc++";
				CLANG_ENABLE_MODULES = YES;
				CLANG_ENABLE_OBJC_ARC = YES;
				CLANG_ENABLE_OBJC_WEAK = YES;
				CLANG_WARN_BLOCK_CAPTURE_AUTORELEASING = YES;
				CLANG_WARN_BOOL_CONVERSION = YES;
				CLANG_WARN_COMMA = YES;
				CLANG_WARN_CONSTANT_CONVERSION = YES;
				CLANG_WARN_DEPRECATED_OBJC_IMPLEMENTATIONS = YES;
				CLANG_WARN_DIRECT_OBJC_ISA_USAGE = YES_ERROR;
				CLANG_WARN_DOCUMENTATION_COMMENTS = YES;
				CLANG_WARN_EMPTY_BODY = YES;
				CLANG_WARN_ENUM_CONVERSION = YES;
				CLANG_WARN_INFINITE_RECURSION = YES;
				CLANG_WARN_INT_CONVERSION = YES;
				CLANG_WARN_NON_LITERAL_NULL_CONVERSION = YES;
				CLANG_WARN_OBJC_IMPLICIT_RETAIN_SELF = YES;
				CLANG_WARN_OBJC_LITERAL_CONVERSION = YES;
				CLANG_WARN_OBJC_ROOT_CLASS = YES_ERROR;
				CLANG_WARN_QUOTED_INCLUDE_IN_FRAMEWORK_HEADER = YES;
				CLANG_WARN_RANGE_LOOP_ANALYSIS = YES;
				CLANG_WARN_STRICT_PROTOTYPES = YES;
				CLANG_WARN_SUSPICIOUS_MOVE = YES;
				CLANG_WARN_UNGUARDED_AVAILABILITY = YES_AGGRESSIVE;
				CLANG_WARN_UNREACHABLE_CODE = YES;
				CLANG_WARN__DUPLICATE_METHOD_MATCH = YES;
				COPY_PHASE_STRIP = NO;
				DEBUG_INFORMATION_FORMAT = dwarf;
				ENABLE_STRICT_OBJC_MSGSEND = YES;
				ENABLE_TESTABILITY = YES;
				GCC_C_LANGUAGE_STANDARD = gnu11;
				GCC_DYNAMIC_NO_PIC = NO;
				GCC_NO_COMMON_BLOCKS = YES;
				GCC_OPTIMIZATION_LEVEL = 0;
				GCC_PREPROCESSOR_DEFINITIONS = (
					"DEBUG=1",
					"$(inherited)",
				);
				GCC_WARN_64_TO_32_BIT_CONVERSION = YES;
				GCC_WARN_ABOUT_RETURN_TYPE = YES_ERROR;
				GCC_WARN_UNDECLARED_SELECTOR = YES;
				GCC_WARN_UNINITIALIZED_AUTOS = YES_AGGRESSIVE;
				GCC_WARN_UNUSED_FUNCTION = YES;
				GCC_WARN_UNUSED_VARIABLE = YES;
				IPHONEOS_DEPLOYMENT_TARGET = 17.0;
				MTL_ENABLE_DEBUG_INFO = INCLUDE_SOURCE;
				MTL_FAST_MATH = YES;
				ONLY_ACTIVE_ARCH = YES;
				PRODUCT_NAME = "$(TARGET_NAME)";
				SWIFT_ACTIVE_COMPILATION_CONDITIONS = DEBUG;
				SWIFT_OPTIMIZATION_LEVEL = "-Onone";
				SWIFT_VERSION = 5.0;
			};
			name = Debug;
		};
		6BFB1DE8CB3D5FDE00366BB1 /* Debug */ = {
			isa = XCBuildConfiguration;
			buildSettings = {
				BUNDLE_LOADER = "$(TEST_HOST)";
				CLANG_ENABLE_OBJC_WEAK = NO;
				CODE_SIGN_STYLE = Automatic;
				GENERATE_INFOPLIST_FILE = YES;
				IPHONEOS_DEPLOYMENT_TARGET = 17.0;
				PRODUCT_BUNDLE_IDENTIFIER = de.klangradar.native.tests;
				SDKROOT = iphoneos;
				SWIFT_STRICT_CONCURRENCY = complete;
				SWIFT_VERSION = 6.0;
				TEST_HOST = "$(BUILT_PRODUCTS_DIR)/KlangradarNative.app/$(BUNDLE_EXECUTABLE_FOLDER_PATH)/KlangradarNative";
			};
			name = Debug;
		};
		A57E91FC1830EA7608AF961D /* Release */ = {
			isa = XCBuildConfiguration;
			buildSettings = {
				BUNDLE_LOADER = "$(TEST_HOST)";
				CLANG_ENABLE_OBJC_WEAK = NO;
				CODE_SIGN_STYLE = Automatic;
				GENERATE_INFOPLIST_FILE = YES;
				IPHONEOS_DEPLOYMENT_TARGET = 17.0;
				PRODUCT_BUNDLE_IDENTIFIER = de.klangradar.native.tests;
				SDKROOT = iphoneos;
				SWIFT_STRICT_CONCURRENCY = complete;
				SWIFT_VERSION = 6.0;
				TEST_HOST = "$(BUILT_PRODUCTS_DIR)/KlangradarNative.app/$(BUNDLE_EXECUTABLE_FOLDER_PATH)/KlangradarNative";
				VALIDATE_PRODUCT = YES;
			};
			name = Release;
		};
		B3F927F31A34B8CD8218477B /* Release */ = {
			isa = XCBuildConfiguration;
			buildSettings = {
				ALWAYS_SEARCH_USER_PATHS = NO;
				CLANG_ANALYZER_NONNULL = YES;
				CLANG_ANALYZER_NUMBER_OBJECT_CONVERSION = YES_AGGRESSIVE;
				CLANG_CXX_LANGUAGE_STANDARD = "gnu++14";
				CLANG_CXX_LIBRARY = "libc++";
				CLANG_ENABLE_MODULES = YES;
				CLANG_ENABLE_OBJC_ARC = YES;
				CLANG_ENABLE_OBJC_WEAK = YES;
				CLANG_WARN_BLOCK_CAPTURE_AUTORELEASING = YES;
				CLANG_WARN_BOOL_CONVERSION = YES;
				CLANG_WARN_COMMA = YES;
				CLANG_WARN_CONSTANT_CONVERSION = YES;
				CLANG_WARN_DEPRECATED_OBJC_IMPLEMENTATIONS = YES;
				CLANG_WARN_DIRECT_OBJC_ISA_USAGE = YES_ERROR;
				CLANG_WARN_DOCUMENTATION_COMMENTS = YES;
				CLANG_WARN_EMPTY_BODY = YES;
				CLANG_WARN_ENUM_CONVERSION = YES;
				CLANG_WARN_INFINITE_RECURSION = YES;
				CLANG_WARN_INT_CONVERSION = YES;
				CLANG_WARN_NON_LITERAL_NULL_CONVERSION = YES;
				CLANG_WARN_OBJC_IMPLICIT_RETAIN_SELF = YES;
				CLANG_WARN_OBJC_LITERAL_CONVERSION = YES;
				CLANG_WARN_OBJC_ROOT_CLASS = YES_ERROR;
				CLANG_WARN_QUOTED_INCLUDE_IN_FRAMEWORK_HEADER = YES;
				CLANG_WARN_RANGE_LOOP_ANALYSIS = YES;
				CLANG_WARN_STRICT_PROTOTYPES = YES;
				CLANG_WARN_SUSPICIOUS_MOVE = YES;
				CLANG_WARN_UNGUARDED_AVAILABILITY = YES_AGGRESSIVE;
				CLANG_WARN_UNREACHABLE_CODE = YES;
				CLANG_WARN__DUPLICATE_METHOD_MATCH = YES;
				COPY_PHASE_STRIP = NO;
				DEBUG_INFORMATION_FORMAT = "dwarf-with-dsym";
				ENABLE_NS_ASSERTIONS = NO;
				ENABLE_STRICT_OBJC_MSGSEND = YES;
				GCC_C_LANGUAGE_STANDARD = gnu11;
				GCC_NO_COMMON_BLOCKS = YES;
				GCC_WARN_64_TO_32_BIT_CONVERSION = YES;
				GCC_WARN_ABOUT_RETURN_TYPE = YES_ERROR;
				GCC_WARN_UNDECLARED_SELECTOR = YES;
				GCC_WARN_UNINITIALIZED_AUTOS = YES_AGGRESSIVE;
				GCC_WARN_UNUSED_FUNCTION = YES;
				GCC_WARN_UNUSED_VARIABLE = YES;
				IPHONEOS_DEPLOYMENT_TARGET = 17.0;
				MTL_ENABLE_DEBUG_INFO = NO;
				MTL_FAST_MATH = YES;
				PRODUCT_NAME = "$(TARGET_NAME)";
				SWIFT_COMPILATION_MODE = wholemodule;
				SWIFT_OPTIMIZATION_LEVEL = "-O";
				SWIFT_VERSION = 5.0;
			};
			name = Release;
		};
		E2155D4272EB99066CAD6D16 /* Debug */ = {
			isa = XCBuildConfiguration;
			buildSettings = {
				ASSETCATALOG_COMPILER_APPICON_NAME = AppIcon;
				ASSETCATALOG_COMPILER_GLOBAL_ACCENT_COLOR_NAME = AccentColor;
				CLANG_ENABLE_OBJC_WEAK = NO;
				CODE_SIGN_STYLE = Automatic;
				CURRENT_PROJECT_VERSION = 1;
				DEVELOPMENT_ASSET_PATHS = "";
				DEVELOPMENT_TEAM = DVH3MYQ64A;
				ENABLE_PREVIEWS = YES;
				GENERATE_INFOPLIST_FILE = YES;
				INFOPLIST_KEY_CFBundleDisplayName = Klangradar;
				INFOPLIST_KEY_LSApplicationCategoryType = "public.app-category.music";
				INFOPLIST_KEY_NSCalendarsWriteOnlyAccessUsageDescription = "Klangradar legt Konzerte nur nach deiner Bestätigung in deinem Kalender an.";
				INFOPLIST_KEY_NSCameraUsageDescription = "Klangradar nutzt die Kamera, um ein Profilbild aufzunehmen.";
				INFOPLIST_KEY_NSFaceIDUsageDescription = "Klangradar nutzt Face ID, um deinen Account zu schützen.";
				INFOPLIST_KEY_NSLocationAlwaysAndWhenInUseUsageDescription = "Klangradar erkennt automatisch, wenn du bei einem gemerkten Konzert bist, und fragt dich dann per Benachrichtigung, ob du es als besucht markieren möchtest.";
				INFOPLIST_KEY_NSLocationWhenInUseUsageDescription = "Klangradar nutzt deinen Standort, um Konzerte in deiner Nähe zu zeigen.";
				INFOPLIST_KEY_NSMicrophoneUsageDescription = "Klangradar nutzt das Mikrofon nur, wenn du die Sprachsuche startest.";
				INFOPLIST_KEY_NSPhotoLibraryUsageDescription = "Klangradar nutzt deine Fotomediathek, um ein Profilbild auszuwählen.";
				INFOPLIST_KEY_NSSpeechRecognitionUsageDescription = "Klangradar wandelt deine Sucheingabe in Text um.";
				INFOPLIST_KEY_UIApplicationSupportsIndirectInputEvents = YES;
				INFOPLIST_KEY_UILaunchScreen_Generation = YES;
				INFOPLIST_KEY_UISupportedInterfaceOrientations_iPad = "UIInterfaceOrientationPortrait UIInterfaceOrientationPortraitUpsideDown UIInterfaceOrientationLandscapeLeft UIInterfaceOrientationLandscapeRight";
				INFOPLIST_KEY_UISupportedInterfaceOrientations_iPhone = "UIInterfaceOrientationPortrait UIInterfaceOrientationLandscapeLeft UIInterfaceOrientationLandscapeRight";
				IPHONEOS_DEPLOYMENT_TARGET = 17.0;
				LD_RUNPATH_SEARCH_PATHS = "$(inherited) @executable_path/Frameworks";
				MARKETING_VERSION = 1.0;
				PRODUCT_BUNDLE_IDENTIFIER = de.klangradar.native;
				PRODUCT_NAME = "$(TARGET_NAME)";
				SDKROOT = iphoneos;
				SUPPORTED_PLATFORMS = "iphoneos iphonesimulator";
				SUPPORTS_MACCATALYST = NO;
				SWIFT_EMIT_LOC_STRINGS = YES;
				SWIFT_STRICT_CONCURRENCY = complete;
				SWIFT_VERSION = 6.0;
				TARGETED_DEVICE_FAMILY = "1,2";
			};
			name = Debug;
		};
/* End XCBuildConfiguration section */

/* Begin XCConfigurationList section */
		27EF8D90020B8213BD3EA89A /* Build configuration list for PBXNativeTarget "KlangradarNative" */ = {
			isa = XCConfigurationList;
			buildConfigurations = (
				29F3C4F3F3F16AA6A658391E /* Release */,
				E2155D4272EB99066CAD6D16 /* Debug */,
			);
			defaultConfigurationIsVisible = 0;
			defaultConfigurationName = Release;
		};
		82201F8F7ABBB93E74FA7599 /* Build configuration list for PBXProject "KlangradarNative" */ = {
			isa = XCConfigurationList;
			buildConfigurations = (
				6B5E44BDCAC130B6868FA700 /* Debug */,
				B3F927F31A34B8CD8218477B /* Release */,
			);
			defaultConfigurationIsVisible = 0;
			defaultConfigurationName = Release;
		};
		8509AEF3863DAE7EDAFAAC3D /* Build configuration list for PBXNativeTarget "KlangradarNativeTests" */ = {
			isa = XCConfigurationList;
			buildConfigurations = (
				A57E91FC1830EA7608AF961D /* Release */,
				6BFB1DE8CB3D5FDE00366BB1 /* Debug */,
			);
			defaultConfigurationIsVisible = 0;
			defaultConfigurationName = Release;
		};
/* End XCConfigurationList section */
	};
	rootObject = 5E2271DA4C31809B2B349631 /* Project object */;
}
